// !$*UTF8*$!
{
	archiveVersion = 1;
	classes = {
	};
	objectVersion = 50;
	objects = {

/* Begin PBXBuildFile section */
		31963EF023F2B3D100C85E87 /* AppDelegate.swift in Sources */ = {isa = PBXBuildFile; fileRef = 31963EEF23F2B3D100C85E87 /* AppDelegate.swift */; };
		31963EF223F2B3D100C85E87 /* SceneDelegate.swift in Sources */ = {isa = PBXBuildFile; fileRef = 31963EF123F2B3D100C85E87 /* SceneDelegate.swift */; };
		31963EF423F2B3D100C85E87 /* HomeViewController.swift in Sources */ = {isa = PBXBuildFile; fileRef = 31963EF323F2B3D100C85E87 /* HomeViewController.swift */; };
		31963EF723F2B3D100C85E87 /* Main.storyboard in Resources */ = {isa = PBXBuildFile; fileRef = 31963EF523F2B3D100C85E87 /* Main.storyboard */; };
		31963EF923F2B3D200C85E87 /* Assets.xcassets in Resources */ = {isa = PBXBuildFile; fileRef = 31963EF823F2B3D200C85E87 /* Assets.xcassets */; };
		31963EFC23F2B3D200C85E87 /* LaunchScreen.storyboard in Resources */ = {isa = PBXBuildFile; fileRef = 31963EFA23F2B3D200C85E87 /* LaunchScreen.storyboard */; };
		31963F0723F2B3D200C85E87 /* AbsenceRecorderMVPTests.swift in Sources */ = {isa = PBXBuildFile; fileRef = 31963F0623F2B3D200C85E87 /* AbsenceRecorderMVPTests.swift */; };
		31963F1223F2B3D200C85E87 /* AbsenceRecorderMVPUITests.swift in Sources */ = {isa = PBXBuildFile; fileRef = 31963F1123F2B3D200C85E87 /* AbsenceRecorderMVPUITests.swift */; };
		31963F2023F2B40B00C85E87 /* Division.swift in Sources */ = {isa = PBXBuildFile; fileRef = 31963F1F23F2B40B00C85E87 /* Division.swift */; };
		31963F2423F2B4D100C85E87 /* CommentCard.swift in Sources */ = {isa = PBXBuildFile; fileRef = 31963F2323F2B4D100C85E87 /* CommentCard.swift */; };
/* End PBXBuildFile section */

/* Begin PBXContainerItemProxy section */
		31963F0323F2B3D200C85E87 /* PBXContainerItemProxy */ = {
			isa = PBXContainerItemProxy;
			containerPortal = 31963EE423F2B3D100C85E87 /* Project object */;
			proxyType = 1;
			remoteGlobalIDString = 31963EEB23F2B3D100C85E87;
			remoteInfo = AbsenceRecorderMVP;
		};
		31963F0E23F2B3D200C85E87 /* PBXContainerItemProxy */ = {
			isa = PBXContainerItemProxy;
			containerPortal = 31963EE423F2B3D100C85E87 /* Project object */;
			proxyType = 1;
			remoteGlobalIDString = 31963EEB23F2B3D100C85E87;
			remoteInfo = AbsenceRecorderMVP;
		};
/* End PBXContainerItemProxy section */

/* Begin PBXFileReference section */
		31963EEC23F2B3D100C85E87 /* AbsenceRecorderMVP.app */ = {isa = PBXFileReference; explicitFileType = wrapper.application; includeInIndex = 0; path = AbsenceRecorderMVP.app; sourceTree = BUILT_PRODUCTS_DIR; };
		31963EEF23F2B3D100C85E87 /* AppDelegate.swift */ = {isa = PBXFileReference; lastKnownFileType = sourcecode.swift; path = AppDelegate.swift; sourceTree = "<group>"; };
		31963EF123F2B3D100C85E87 /* SceneDelegate.swift */ = {isa = PBXFileReference; lastKnownFileType = sourcecode.swift; path = SceneDelegate.swift; sourceTree = "<group>"; };
		31963EF323F2B3D100C85E87 /* HomeViewController.swift */ = {isa = PBXFileReference; lastKnownFileType = sourcecode.swift; path = HomeViewController.swift; sourceTree = "<group>"; };
		31963EF623F2B3D100C85E87 /* Base */ = {isa = PBXFileReference; lastKnownFileType = file.storyboard; name = Base; path = Base.lproj/Main.storyboard; sourceTree = "<group>"; };
		31963EF823F2B3D200C85E87 /* Assets.xcassets */ = {isa = PBXFileReference; lastKnownFileType = folder.assetcatalog; path = Assets.xcassets; sourceTree = "<group>"; };
		31963EFB23F2B3D200C85E87 /* Base */ = {isa = PBXFileReference; lastKnownFileType = file.storyboard; name = Base; path = Base.lproj/LaunchScreen.storyboard; sourceTree = "<group>"; };
		31963EFD23F2B3D200C85E87 /* Info.plist */ = {isa = PBXFileReference; lastKnownFileType = text.plist.xml; path = Info.plist; sourceTree = "<group>"; };
		31963F0223F2B3D200C85E87 /* AbsenceRecorderMVPTests.xctest */ = {isa = PBXFileReference; explicitFileType = wrapper.cfbundle; includeInIndex = 0; path = AbsenceRecorderMVPTests.xctest; sourceTree = BUILT_PRODUCTS_DIR; };
		31963F0623F2B3D200C85E87 /* AbsenceRecorderMVPTests.swift */ = {isa = PBXFileReference; lastKnownFileType = sourcecode.swift; path = AbsenceRecorderMVPTests.swift; sourceTree = "<group>"; };
		31963F0823F2B3D200C85E87 /* Info.plist */ = {isa = PBXFileReference; lastKnownFileType = text.plist.xml; path = Info.plist; sourceTree = "<group>"; };
		31963F0D23F2B3D200C85E87 /* AbsenceRecorderMVPUITests.xctest */ = {isa = PBXFileReference; explicitFileType = wrapper.cfbundle; includeInIndex = 0; path = AbsenceRecorderMVPUITests.xctest; sourceTree = BUILT_PRODUCTS_DIR; };
		31963F1123F2B3D200C85E87 /* AbsenceRecorderMVPUITests.swift */ = {isa = PBXFileReference; lastKnownFileType = sourcecode.swift; path = AbsenceRecorderMVPUITests.swift; sourceTree = "<group>"; };
		31963F1323F2B3D200C85E87 /* Info.plist */ = {isa = PBXFileReference; lastKnownFileType = text.plist.xml; path = Info.plist; sourceTree = "<group>"; };
		31963F1F23F2B40B00C85E87 /* Division.swift */ = {isa = PBXFileReference; lastKnownFileType = sourcecode.swift; path = Division.swift; sourceTree = "<group>"; };
		31963F2323F2B4D100C85E87 /* CommentCard.swift */ = {isa = PBXFileReference; lastKnownFileType = sourcecode.swift; path = CommentCard.swift; sourceTree = "<group>"; };
/* End PBXFileReference section */

/* Begin PBXFrameworksBuildPhase section */
		31963EE923F2B3D100C85E87 /* Frameworks */ = {
			isa = PBXFrameworksBuildPhase;
			buildActionMask = 2147483647;
			files = (
			);
			runOnlyForDeploymentPostprocessing = 0;
		};
		31963EFF23F2B3D200C85E87 /* Frameworks */ = {
			isa = PBXFrameworksBuildPhase;
			buildActionMask = 2147483647;
			files = (
			);
			runOnlyForDeploymentPostprocessing = 0;
		};
		31963F0A23F2B3D200C85E87 /* Frameworks */ = {
			isa = PBXFrameworksBuildPhase;
			buildActionMask = 2147483647;
			files = (
			);
			runOnlyForDeploymentPostprocessing = 0;
		};
/* End PBXFrameworksBuildPhase section */

/* Begin PBXGroup section */
		31963EE323F2B3D100C85E87 = {
			isa = PBXGroup;
			children = (
				31963EEE23F2B3D100C85E87 /* AbsenceRecorderMVP */,
				31963F0523F2B3D200C85E87 /* AbsenceRecorderMVPTests */,
				31963F1023F2B3D200C85E87 /* AbsenceRecorderMVPUITests */,
				31963EED23F2B3D100C85E87 /* Products */,
			);
			sourceTree = "<group>";
		};
		31963EED23F2B3D100C85E87 /* Products */ = {
			isa = PBXGroup;
			children = (
				31963EEC23F2B3D100C85E87 /* AbsenceRecorderMVP.app */,
				31963F0223F2B3D200C85E87 /* AbsenceRecorderMVPTests.xctest */,
				31963F0D23F2B3D200C85E87 /* AbsenceRecorderMVPUITests.xctest */,
			);
			name = Products;
			sourceTree = "<group>";
		};
		31963EEE23F2B3D100C85E87 /* AbsenceRecorderMVP */ = {
			isa = PBXGroup;
			children = (
				31963EEF23F2B3D100C85E87 /* AppDelegate.swift */,
				31963EF123F2B3D100C85E87 /* SceneDelegate.swift */,
				31963EF323F2B3D100C85E87 /* HomeViewController.swift */,
				31963EF523F2B3D100C85E87 /* Main.storyboard */,
				31963EF823F2B3D200C85E87 /* Assets.xcassets */,
				31963EFA23F2B3D200C85E87 /* LaunchScreen.storyboard */,
				31963EFD23F2B3D200C85E87 /* Info.plist */,
				31963F1F23F2B40B00C85E87 /* Division.swift */,
				31963F2323F2B4D100C85E87 /* CommentCard.swift */,
			);
			path = AbsenceRecorderMVP;
			sourceTree = "<group>";
		};
		31963F0523F2B3D200C85E87 /* AbsenceRecorderMVPTests */ = {
			isa = PBXGroup;
			children = (
				31963F0623F2B3D200C85E87 /* AbsenceRecorderMVPTests.swift */,
				31963F0823F2B3D200C85E87 /* Info.plist */,
			);
			path = AbsenceRecorderMVPTests;
			sourceTree = "<group>";
		};
		31963F1023F2B3D200C85E87 /* AbsenceRecorderMVPUITests */ = {
			isa = PBXGroup;
			children = (
				31963F1123F2B3D200C85E87 /* AbsenceRecorderMVPUITests.swift */,
				31963F1323F2B3D200C85E87 /* Info.plist */,
			);
			path = AbsenceRecorderMVPUITests;
			sourceTree = "<group>";
		};
/* End PBXGroup section */

/* Begin PBXNativeTarget section */
		31963EEB23F2B3D100C85E87 /* AbsenceRecorderMVP */ = {
			isa = PBXNativeTarget;
			buildConfigurationList = 31963F1623F2B3D200C85E87 /* Build configuration list for PBXNativeTarget "AbsenceRecorderMVP" */;
			buildPhases = (
				31963EE823F2B3D100C85E87 /* Sources */,
				31963EE923F2B3D100C85E87 /* Frameworks */,
				31963EEA23F2B3D100C85E87 /* Resources */,
			);
			buildRules = (
			);
			dependencies = (
			);
			name = AbsenceRecorderMVP;
			productName = AbsenceRecorderMVP;
			productReference = 31963EEC23F2B3D100C85E87 /* AbsenceRecorderMVP.app */;
			productType = "com.apple.product-type.application";
		};
		31963F0123F2B3D200C85E87 /* AbsenceRecorderMVPTests */ = {
			isa = PBXNativeTarget;
			buildConfigurationList = 31963F1923F2B3D200C85E87 /* Build configuration list for PBXNativeTarget "AbsenceRecorderMVPTests" */;
			buildPhases = (
				31963EFE23F2B3D200C85E87 /* Sources */,
				31963EFF23F2B3D200C85E87 /* Frameworks */,
				31963F0023F2B3D200C85E87 /* Resources */,
			);
			buildRules = (
			);
			dependencies = (
				31963F0423F2B3D200C85E87 /* PBXTargetDependency */,
			);
			name = AbsenceRecorderMVPTests;
			productName = AbsenceRecorderMVPTests;
			productReference = 31963F0223F2B3D200C85E87 /* AbsenceRecorderMVPTests.xctest */;
			productType = "com.apple.product-type.bundle.unit-test";
		};
		31963F0C23F2B3D200C85E87 /* AbsenceRecorderMVPUITests */ = {
			isa = PBXNativeTarget;
			buildConfigurationList = 31963F1C23F2B3D200C85E87 /* Build configuration list for PBXNativeTarget "AbsenceRecorderMVPUITests" */;
			buildPhases = (
				31963F0923F2B3D200C85E87 /* Sources */,
				31963F0A23F2B3D200C85E87 /* Frameworks */,
				31963F0B23F2B3D200C85E87 /* Resources */,
			);
			buildRules = (
			);
			dependencies = (
				31963F0F23F2B3D200C85E87 /* PBXTargetDependency */,
			);
			name = AbsenceRecorderMVPUITests;
			productName = AbsenceRecorderMVPUITests;
			productReference = 31963F0D23F2B3D200C85E87 /* AbsenceRecorderMVPUITests.xctest */;
			productType = "com.apple.product-type.bundle.ui-testing";
		};
/* End PBXNativeTarget section */

/* Begin PBXProject section */
		31963EE423F2B3D100C85E87 /* Project object */ = {
			isa = PBXProject;
			attributes = {
				LastSwiftUpdateCheck = 1120;
				LastUpgradeCheck = 1120;
				ORGANIZATIONNAME = "Dunlop, Hugo (PEPW)";
				TargetAttributes = {
					31963EEB23F2B3D100C85E87 = {
						CreatedOnToolsVersion = 11.2.1;
					};
					31963F0123F2B3D200C85E87 = {
						CreatedOnToolsVersion = 11.2.1;
						TestTargetID = 31963EEB23F2B3D100C85E87;
					};
					31963F0C23F2B3D200C85E87 = {
						CreatedOnToolsVersion = 11.2.1;
						TestTargetID = 31963EEB23F2B3D100C85E87;
					};
				};
			};
			buildConfigurationList = 31963EE723F2B3D100C85E87 /* Build configuration list for PBXProject "AbsenceRecorderMVP" */;
			compatibilityVersion = "Xcode 9.3";
			developmentRegion = en;
			hasScannedForEncodings = 0;
			knownRegions = (
				en,
				Base,
			);
			mainGroup = 31963EE323F2B3D100C85E87;
			productRefGroup = 31963EED23F2B3D100C85E87 /* Products */;
			projectDirPath = "";
			projectRoot = "";
			targets = (
				31963EEB23F2B3D100C85E87 /* AbsenceRecorderMVP */,
				31963F0123F2B3D200C85E87 /* AbsenceRecorderMVPTests */,
				31963F0C23F2B3D200C85E87 /* AbsenceRecorderMVPUITests */,
			);
		};
/* End PBXProject section */

/* Begin PBXResourcesBuildPhase section */
		31963EEA23F2B3D100C85E87 /* Resources */ = {
			isa = PBXResourcesBuildPhase;
			buildActionMask = 2147483647;
			files = (
				31963EFC23F2B3D200C85E87 /* LaunchScreen.storyboard in Resources */,
				31963EF923F2B3D200C85E87 /* Assets.xcassets in Resources */,
				31963EF723F2B3D100C85E87 /* Main.storyboard in Resources */,
			);
			runOnlyForDeploymentPostprocessing = 0;
		};
		31963F0023F2B3D200C85E87 /* Resources */ = {
			isa = PBXResourcesBuildPhase;
			buildActionMask = 2147483647;
			files = (
			);
			runOnlyForDeploymentPostprocessing = 0;
		};
		31963F0B23F2B3D200C85E87 /* Resources */ = {
			isa = PBXResourcesBuildPhase;
			buildActionMask = 2147483647;
			files = (
			);
			runOnlyForDeploymentPostprocessing = 0;
		};
/* End PBXResourcesBuildPhase section */

/* Begin PBXSourcesBuildPhase section */
		31963EE823F2B3D100C85E87 /* Sources */ = {
			isa = PBXSourcesBuildPhase;
			buildActionMask = 2147483647;
			files = (
				31963EF423F2B3D100C85E87 /* HomeViewController.swift in Sources */,
				31963F2423F2B4D100C85E87 /* CommentCard.swift in Sources */,
				31963EF023F2B3D100C85E87 /* AppDelegate.swift in Sources */,
				31963F2023F2B40B00C85E87 /* Division.swift in Sources */,
				31963EF223F2B3D100C85E87 /* SceneDelegate.swift in Sources */,
			);
			runOnlyForDeploymentPostprocessing = 0;
		};
		31963EFE23F2B3D200C85E87 /* Sources */ = {
			isa = PBXSourcesBuildPhase;
			buildActionMask = 2147483647;
			files = (
				31963F0723F2B3D200C85E87 /* AbsenceRecorderMVPTests.swift in Sources */,
			);
			runOnlyForDeploymentPostprocessing = 0;
		};
		31963F0923F2B3D200C85E87 /* Sources */ = {
			isa = PBXSourcesBuildPhase;
			buildActionMask = 2147483647;
			files = (
				31963F1223F2B3D200C85E87 /* AbsenceRecorderMVPUITests.swift in Sources */,
			);
			runOnlyForDeploymentPostprocessing = 0;
		};
/* End PBXSourcesBuildPhase section */

/* Begin PBXTargetDependency section */
		31963F0423F2B3D200C85E87 /* PBXTargetDependency */ = {
			isa = PBXTargetDependency;
			target = 31963EEB23F2B3D100C85E87 /* AbsenceRecorderMVP */;
			targetProxy = 31963F0323F2B3D200C85E87 /* PBXContainerItemProxy */;
		};
		31963F0F23F2B3D200C85E87 /* PBXTargetDependency */ = {
			isa = PBXTargetDependency;
			target = 31963EEB23F2B3D100C85E87 /* AbsenceRecorderMVP */;
			targetProxy = 31963F0E23F2B3D200C85E87 /* PBXContainerItemProxy */;
		};
/* End PBXTargetDependency section */

/* Begin PBXVariantGroup section */
		31963EF523F2B3D100C85E87 /* Main.storyboard */ = {
			isa = PBXVariantGroup;
			children = (
				31963EF623F2B3D100C85E87 /* Base */,
			);
			name = Main.storyboard;
			sourceTree = "<group>";
		};
		31963EFA23F2B3D200C85E87 /* LaunchScreen.storyboard */ = {
			isa = PBXVariantGroup;
			children = (
				31963EFB23F2B3D200C85E87 /* Base */,
			);
			name = LaunchScreen.storyboard;
			sourceTree = "<group>";
		};
/* End PBXVariantGroup section */

/* Begin XCBuildConfiguration section */
		31963F1423F2B3D200C85E87 /* Debug */ = {
			isa = XCBuildConfiguration;
			buildSettings = {
				ALWAYS_SEARCH_USER_PATHS = NO;
				CLANG_ANALYZER_NONNULL = YES;
				CLANG_ANALYZER_NUMBER_OBJECT_CONVERSION = YES_AGGRESSIVE;
				CLANG_CXX_LANGUAGE_STANDARD = "gnu++14";
				CLANG_CXX_LIBRARY = "libc++";
				CLANG_ENABLE_MODULES = YES;
				CLANG_ENABLE_OBJC_ARC = YES;
				CLANG_ENABLE_OBJC_WEAK = YES;
				CLANG_WARN_BLOCK_CAPTURE_AUTORELEASING = YES;
				CLANG_WARN_BOOL_CONVERSION = YES;
				CLANG_WARN_COMMA = YES;
				CLANG_WARN_CONSTANT_CONVERSION = YES;
				CLANG_WARN_DEPRECATED_OBJC_IMPLEMENTATIONS = YES;
				CLANG_WARN_DIRECT_OBJC_ISA_USAGE = YES_ERROR;
				CLANG_WARN_DOCUMENTATION_COMMENTS = YES;
				CLANG_WARN_EMPTY_BODY = YES;
				CLANG_WARN_ENUM_CONVERSION = YES;
				CLANG_WARN_INFINITE_RECURSION = YES;
				CLANG_WARN_INT_CONVERSION = YES;
				CLANG_WARN_NON_LITERAL_NULL_CONVERSION = YES;
				CLANG_WARN_OBJC_IMPLICIT_RETAIN_SELF = YES;
				CLANG_WARN_OBJC_LITERAL_CONVERSION = YES;
				CLANG_WARN_OBJC_ROOT_CLASS = YES_ERROR;
				CLANG_WARN_RANGE_LOOP_ANALYSIS = YES;
				CLANG_WARN_STRICT_PROTOTYPES = YES;
				CLANG_WARN_SUSPICIOUS_MOVE = YES;
				CLANG_WARN_UNGUARDED_AVAILABILITY = YES_AGGRESSIVE;
				CLANG_WARN_UNREACHABLE_CODE = YES;
				CLANG_WARN__DUPLICATE_METHOD_MATCH = YES;
				COPY_PHASE_STRIP = NO;
				DEBUG_INFORMATION_FORMAT = dwarf;
				ENABLE_STRICT_OBJC_MSGSEND = YES;
				ENABLE_TESTABILITY = YES;
				GCC_C_LANGUAGE_STANDARD = gnu11;
				GCC_DYNAMIC_NO_PIC = NO;
				GCC_NO_COMMON_BLOCKS = YES;
				GCC_OPTIMIZATION_LEVEL = 0;
				GCC_PREPROCESSOR_DEFINITIONS = (
					"DEBUG=1",
					"$(inherited)",
				);
				GCC_WARN_64_TO_32_BIT_CONVERSION = YES;
				GCC_WARN_ABOUT_RETURN_TYPE = YES_ERROR;
				GCC_WARN_UNDECLARED_SELECTOR = YES;
				GCC_WARN_UNINITIALIZED_AUTOS = YES_AGGRESSIVE;
				GCC_WARN_UNUSED_FUNCTION = YES;
				GCC_WARN_UNUSED_VARIABLE = YES;
				IPHONEOS_DEPLOYMENT_TARGET = 13.2;
				MTL_ENABLE_DEBUG_INFO = INCLUDE_SOURCE;
				MTL_FAST_MATH = YES;
				ONLY_ACTIVE_ARCH = YES;
				SDKROOT = iphoneos;
				SWIFT_ACTIVE_COMPILATION_CONDITIONS = DEBUG;
				SWIFT_OPTIMIZATION_LEVEL = "-Onone";
			};
			name = Debug;
		};
		31963F1523F2B3D200C85E87 /* Release */ = {
			isa = XCBuildConfiguration;
			buildSettings = {
				ALWAYS_SEARCH_USER_PATHS = NO;
				CLANG_ANALYZER_NONNULL = YES;
				CLANG_ANALYZER_NUMBER_OBJECT_CONVERSION = YES_AGGRESSIVE;
				CLANG_CXX_LANGUAGE_STANDARD = "gnu++14";
				CLANG_CXX_LIBRARY = "libc++";
				CLANG_ENABLE_MODULES = YES;
				CLANG_ENABLE_OBJC_ARC = YES;
				CLANG_ENABLE_OBJC_WEAK = YES;
				CLANG_WARN_BLOCK_CAPTURE_AUTORELEASING = YES;
				CLANG_WARN_BOOL_CONVERSION = YES;
				CLANG_WARN_COMMA = YES;
				CLANG_WARN_CONSTANT_CONVERSION = YES;
				CLANG_WARN_DEPRECATED_OBJC_IMPLEMENTATIONS = YES;
				CLANG_WARN_DIRECT_OBJC_ISA_USAGE = YES_ERROR;
				CLANG_WARN_DOCUMENTATION_COMMENTS = YES;
				CLANG_WARN_EMPTY_BODY = YES;
				CLANG_WARN_ENUM_CONVERSION = YES;
				CLANG_WARN_INFINITE_RECURSION = YES;
				CLANG_WARN_INT_CONVERSION = YES;
				CLANG_WARN_NON_LITERAL_NULL_CONVERSION = YES;
				CLANG_WARN_OBJC_IMPLICIT_RETAIN_SELF = YES;
				CLANG_WARN_OBJC_LITERAL_CONVERSION = YES;
				CLANG_WARN_OBJC_ROOT_CLASS = YES_ERROR;
				CLANG_WARN_RANGE_LOOP_ANALYSIS = YES;
				CLANG_WARN_STRICT_PROTOTYPES = YES;
				CLANG_WARN_SUSPICIOUS_MOVE = YES;
				CLANG_WARN_UNGUARDED_AVAILABILITY = YES_AGGRESSIVE;
				CLANG_WARN_UNREACHABLE_CODE = YES;
				CLANG_WARN__DUPLICATE_METHOD_MATCH = YES;
				COPY_PHASE_STRIP = NO;
				DEBUG_INFORMATION_FORMAT = "dwarf-with-dsym";
				ENABLE_NS_ASSERTIONS = NO;
				ENABLE_STRICT_OBJC_MSGSEND = YES;
				GCC_C_LANGUAGE_STANDARD = gnu11;
				GCC_NO_COMMON_BLOCKS = YES;
				GCC_WARN_64_TO_32_BIT_CONVERSION = YES;
				GCC_WARN_ABOUT_RETURN_TYPE = YES_ERROR;
				GCC_WARN_UNDECLARED_SELECTOR = YES;
				GCC_WARN_UNINITIALIZED_AUTOS = YES_AGGRESSIVE;
				GCC_WARN_UNUSED_FUNCTION = YES;
				GCC_WARN_UNUSED_VARIABLE = YES;
				IPHONEOS_DEPLOYMENT_TARGET = 13.2;
				MTL_ENABLE_DEBUG_INFO = NO;
				MTL_FAST_MATH = YES;
				SDKROOT = iphoneos;
				SWIFT_COMPILATION_MODE = wholemodule;
				SWIFT_OPTIMIZATION_LEVEL = "-O";
				VALIDATE_PRODUCT = YES;
			};
			name = Release;
		};
		31963F1723F2B3D200C85E87 /* Debug */ = {
			isa = XCBuildConfiguration;
			buildSettings = {
				ASSETCATALOG_COMPILER_APPICON_NAME = AppIcon;
				CODE_SIGN_STYLE = Automatic;
				INFOPLIST_FILE = AbsenceRecorderMVP/Info.plist;
				LD_RUNPATH_SEARCH_PATHS = (
					"$(inherited)",
					"@executable_path/Frameworks",
				);
				PRODUCT_BUNDLE_IDENTIFIER = com.HDunlop.AbsenceRecorderMVP;
				PRODUCT_NAME = "$(TARGET_NAME)";
				SWIFT_VERSION = 5.0;
				TARGETED_DEVICE_FAMILY = "1,2";
			};
			name = Debug;
		};
		31963F1823F2B3D200C85E87 /* Release */ = {
			isa = XCBuildConfiguration;
			buildSettings = {
				ASSETCATALOG_COMPILER_APPICON_NAME = AppIcon;
				CODE_SIGN_STYLE = Automatic;
				INFOPLIST_FILE = AbsenceRecorderMVP/Info.plist;
				LD_RUNPATH_SEARCH_PATHS = (
					"$(inherited)",
					"@executable_path/Frameworks",
				);
				PRODUCT_BUNDLE_IDENTIFIER = com.HDunlop.AbsenceRecorderMVP;
				PRODUCT_NAME = "$(TARGET_NAME)";
				SWIFT_VERSION = 5.0;
				TARGETED_DEVICE_FAMILY = "1,2";
			};
			name = Release;
		};
		31963F1A23F2B3D200C85E87 /* Debug */ = {
			isa = XCBuildConfiguration;
			buildSettings = {
				ALWAYS_EMBED_SWIFT_STANDARD_LIBRARIES = YES;
				BUNDLE_LOADER = "$(TEST_HOST)";
				CODE_SIGN_STYLE = Automatic;
				INFOPLIST_FILE = AbsenceRecorderMVPTests/Info.plist;
				IPHONEOS_DEPLOYMENT_TARGET = 13.2;
				LD_RUNPATH_SEARCH_PATHS = (
					"$(inherited)",
					"@executable_path/Frameworks",
					"@loader_path/Frameworks",
				);
				PRODUCT_BUNDLE_IDENTIFIER = com.HDunlop.AbsenceRecorderMVPTests;
				PRODUCT_NAME = "$(TARGET_NAME)";
				SWIFT_VERSION = 5.0;
				TARGETED_DEVICE_FAMILY = "1,2";
				TEST_HOST = "$(BUILT_PRODUCTS_DIR)/AbsenceRecorderMVP.app/AbsenceRecorderMVP";
			};
			name = Debug;
		};
		31963F1B23F2B3D200C85E87 /* Release */ = {
			isa = XCBuildConfiguration;
			buildSettings = {
				ALWAYS_EMBED_SWIFT_STANDARD_LIBRARIES = YES;
				BUNDLE_LOADER = "$(TEST_HOST)";
				CODE_SIGN_STYLE = Automatic;
				INFOPLIST_FILE = AbsenceRecorderMVPTests/Info.plist;
				IPHONEOS_DEPLOYMENT_TARGET = 13.2;
				LD_RUNPATH_SEARCH_PATHS = (
					"$(inherited)",
					"@executable_path/Frameworks",
					"@loader_path/Frameworks",
				);
				PRODUCT_BUNDLE_IDENTIFIER = com.HDunlop.AbsenceRecorderMVPTests;
				PRODUCT_NAME = "$(TARGET_NAME)";
				SWIFT_VERSION = 5.0;
				TARGETED_DEVICE_FAMILY = "1,2";
				TEST_HOST = "$(BUILT_PRODUCTS_DIR)/AbsenceRecorderMVP.app/AbsenceRecorderMVP";
			};
			name = Release;
		};
		31963F1D23F2B3D200C85E87 /* Debug */ = {
			isa = XCBuildConfiguration;
			buildSettings = {
				ALWAYS_EMBED_SWIFT_STANDARD_LIBRARIES = YES;
				CODE_SIGN_STYLE = Automatic;
				INFOPLIST_FILE = AbsenceRecorderMVPUITests/Info.plist;
				LD_RUNPATH_SEARCH_PATHS = (
					"$(inherited)",
					"@executable_path/Frameworks",
					"@loader_path/Frameworks",
				);
				PRODUCT_BUNDLE_IDENTIFIER = com.HDunlop.AbsenceRecorderMVPUITests;
				PRODUCT_NAME = "$(TARGET_NAME)";
				SWIFT_VERSION = 5.0;
				TARGETED_DEVICE_FAMILY = "1,2";
				TEST_TARGET_NAME = AbsenceRecorderMVP;
			};
			name = Debug;
		};
		31963F1E23F2B3D200C85E87 /* Release */ = {
			isa = XCBuildConfiguration;
			buildSettings = {
				ALWAYS_EMBED_SWIFT_STANDARD_LIBRARIES = YES;
				CODE_SIGN_STYLE = Automatic;
				INFOPLIST_FILE = AbsenceRecorderMVPUITests/Info.plist;
				LD_RUNPATH_SEARCH_PATHS = (
					"$(inherited)",
					"@executable_path/Frameworks",
					"@loader_path/Frameworks",
				);
				PRODUCT_BUNDLE_IDENTIFIER = com.HDunlop.AbsenceRecorderMVPUITests;
				PRODUCT_NAME = "$(TARGET_NAME)";
				SWIFT_VERSION = 5.0;
				TARGETED_DEVICE_FAMILY = "1,2";
				TEST_TARGET_NAME = AbsenceRecorderMVP;
			};
			name = Release;
		};
/* End XCBuildConfiguration section */

/* Begin XCConfigurationList section */
		31963EE723F2B3D100C85E87 /* Build configuration list for PBXProject "AbsenceRecorderMVP" */ = {
			isa = XCConfigurationList;
			buildConfigurations = (
				31963F1423F2B3D200C85E87 /* Debug */,
				31963F1523F2B3D200C85E87 /* Release */,
			);
			defaultConfigurationIsVisible = 0;
			defaultConfigurationName = Release;
		};
		31963F1623F2B3D200C85E87 /* Build configuration list for PBXNativeTarget "AbsenceRecorderMVP" */ = {
			isa = XCConfigurationList;
			buildConfigurations = (
				31963F1723F2B3D200C85E87 /* Debug */,
				31963F1823F2B3D200C85E87 /* Release */,
			);
			defaultConfigurationIsVisible = 0;
			defaultConfigurationName = Release;
		};
		31963F1923F2B3D200C85E87 /* Build configuration list for PBXNativeTarget "AbsenceRecorderMVPTests" */ = {
			isa = XCConfigurationList;
			buildConfigurations = (
				31963F1A23F2B3D200C85E87 /* Debug */,
				31963F1B23F2B3D200C85E87 /* Release */,
			);
			defaultConfigurationIsVisible = 0;
			defaultConfigurationName = Release;
		};
		31963F1C23F2B3D200C85E87 /* Build configuration list for PBXNativeTarget "AbsenceRecorderMVPUITests" */ = {
			isa = XCConfigurationList;
			buildConfigurations = (
				31963F1D23F2B3D200C85E87 /* Debug */,
				31963F1E23F2B3D200C85E87 /* Release */,
			);
			defaultConfigurationIsVisible = 0;
			defaultConfigurationName = Release;
		};
/* End XCConfigurationList section */
	};
	rootObject = 31963EE423F2B3D100C85E87 /* Project object */;
}
