// !$*UTF8*$!
{
	archiveVersion = 1;
	classes = {
	};
	objectVersion = 50;
	objects = {

/* Begin PBXBuildFile section */
		3160E344238D347A001456D4 /* main.swift in Sources */ = {isa = PBXBuildFile; fileRef = 3160E343238D347A001456D4 /* main.swift */; };
		3160E34D238D3589001456D4 /* Tamagotchi.swift in Sources */ = {isa = PBXBuildFile; fileRef = 3160E34C238D3589001456D4 /* Tamagotchi.swift */; };
		3160E369238D387B001456D4 /* RealTamagotchiTests.swift in Sources */ = {isa = PBXBuildFile; fileRef = 3160E368238D387B001456D4 /* RealTamagotchiTests.swift */; };
		3160E36E238D3908001456D4 /* Tamagotchi.swift in Sources */ = {isa = PBXBuildFile; fileRef = 3160E34C238D3589001456D4 /* Tamagotchi.swift */; };
/* End PBXBuildFile section */

/* Begin PBXCopyFilesBuildPhase section */
		3160E33E238D347A001456D4 /* CopyFiles */ = {
			isa = PBXCopyFilesBuildPhase;
			buildActionMask = 2147483647;
			dstPath = /usr/share/man/man1/;
			dstSubfolderSpec = 0;
			files = (
			);
			runOnlyForDeploymentPostprocessing = 1;
		};
/* End PBXCopyFilesBuildPhase section */

/* Begin PBXFileReference section */
		3160E340238D347A001456D4 /* Tamagotchi */ = {isa = PBXFileReference; explicitFileType = "compiled.mach-o.executable"; includeInIndex = 0; path = Tamagotchi; sourceTree = BUILT_PRODUCTS_DIR; };
		3160E343238D347A001456D4 /* main.swift */ = {isa = PBXFileReference; lastKnownFileType = sourcecode.swift; path = main.swift; sourceTree = "<group>"; };
		3160E34C238D3589001456D4 /* Tamagotchi.swift */ = {isa = PBXFileReference; lastKnownFileType = sourcecode.swift; path = Tamagotchi.swift; sourceTree = "<group>"; };
		3160E355238D35EF001456D4 /* TamagotchiTests.xctest */ = {isa = PBXFileReference; explicitFileType = wrapper.cfbundle; includeInIndex = 0; path = TamagotchiTests.xctest; sourceTree = BUILT_PRODUCTS_DIR; };
		3160E366238D387B001456D4 /* RealTamagotchiTests.xctest */ = {isa = PBXFileReference; explicitFileType = wrapper.cfbundle; includeInIndex = 0; path = RealTamagotchiTests.xctest; sourceTree = BUILT_PRODUCTS_DIR; };
		3160E368238D387B001456D4 /* RealTamagotchiTests.swift */ = {isa = PBXFileReference; lastKnownFileType = sourcecode.swift; path = RealTamagotchiTests.swift; sourceTree = "<group>"; };
		3160E36A238D387B001456D4 /* Info.plist */ = {isa = PBXFileReference; lastKnownFileType = text.plist.xml; path = Info.plist; sourceTree = "<group>"; };
/* End PBXFileReference section */

/* Begin PBXFrameworksBuildPhase section */
		3160E33D238D347A001456D4 /* Frameworks */ = {
			isa = PBXFrameworksBuildPhase;
			buildActionMask = 2147483647;
			files = (
			);
			runOnlyForDeploymentPostprocessing = 0;
		};
		3160E352238D35EF001456D4 /* Frameworks */ = {
			isa = PBXFrameworksBuildPhase;
			buildActionMask = 2147483647;
			files = (
			);
			runOnlyForDeploymentPostprocessing = 0;
		};
		3160E363238D387B001456D4 /* Frameworks */ = {
			isa = PBXFrameworksBuildPhase;
			buildActionMask = 2147483647;
			files = (
			);
			runOnlyForDeploymentPostprocessing = 0;
		};
/* End PBXFrameworksBuildPhase section */

/* Begin PBXGroup section */
		3160E337238D347A001456D4 = {
			isa = PBXGroup;
			children = (
				3160E342238D347A001456D4 /* Tamagotchi */,
				3160E367238D387B001456D4 /* RealTamagotchiTests */,
				3160E341238D347A001456D4 /* Products */,
			);
			sourceTree = "<group>";
		};
		3160E341238D347A001456D4 /* Products */ = {
			isa = PBXGroup;
			children = (
				3160E340238D347A001456D4 /* Tamagotchi */,
				3160E355238D35EF001456D4 /* TamagotchiTests.xctest */,
				3160E366238D387B001456D4 /* RealTamagotchiTests.xctest */,
			);
			name = Products;
			sourceTree = "<group>";
		};
		3160E342238D347A001456D4 /* Tamagotchi */ = {
			isa = PBXGroup;
			children = (
				3160E343238D347A001456D4 /* main.swift */,
				3160E34C238D3589001456D4 /* Tamagotchi.swift */,
			);
			path = Tamagotchi;
			sourceTree = "<group>";
		};
		3160E367238D387B001456D4 /* RealTamagotchiTests */ = {
			isa = PBXGroup;
			children = (
				3160E368238D387B001456D4 /* RealTamagotchiTests.swift */,
				3160E36A238D387B001456D4 /* Info.plist */,
			);
			path = RealTamagotchiTests;
			sourceTree = "<group>";
		};
/* End PBXGroup section */

/* Begin PBXNativeTarget section */
		3160E33F238D347A001456D4 /* Tamagotchi */ = {
			isa = PBXNativeTarget;
			buildConfigurationList = 3160E347238D347A001456D4 /* Build configuration list for PBXNativeTarget "Tamagotchi" */;
			buildPhases = (
				3160E33C238D347A001456D4 /* Sources */,
				3160E33D238D347A001456D4 /* Frameworks */,
				3160E33E238D347A001456D4 /* CopyFiles */,
			);
			buildRules = (
			);
			dependencies = (
			);
			name = Tamagotchi;
			productName = Tamagotchi;
			productReference = 3160E340238D347A001456D4 /* Tamagotchi */;
			productType = "com.apple.product-type.tool";
		};
		3160E354238D35EF001456D4 /* TamagotchiTests */ = {
			isa = PBXNativeTarget;
			buildConfigurationList = 3160E35A238D35F0001456D4 /* Build configuration list for PBXNativeTarget "TamagotchiTests" */;
			buildPhases = (
				3160E351238D35EF001456D4 /* Sources */,
				3160E352238D35EF001456D4 /* Frameworks */,
				3160E353238D35EF001456D4 /* Resources */,
			);
			buildRules = (
			);
			dependencies = (
			);
			name = TamagotchiTests;
			productName = TamagotchiTests;
			productReference = 3160E355238D35EF001456D4 /* TamagotchiTests.xctest */;
			productType = "com.apple.product-type.bundle.unit-test";
		};
		3160E365238D387B001456D4 /* RealTamagotchiTests */ = {
			isa = PBXNativeTarget;
			buildConfigurationList = 3160E36B238D387B001456D4 /* Build configuration list for PBXNativeTarget "RealTamagotchiTests" */;
			buildPhases = (
				3160E362238D387B001456D4 /* Sources */,
				3160E363238D387B001456D4 /* Frameworks */,
				3160E364238D387B001456D4 /* Resources */,
			);
			buildRules = (
			);
			dependencies = (
			);
			name = RealTamagotchiTests;
			productName = RealTamagotchiTests;
			productReference = 3160E366238D387B001456D4 /* RealTamagotchiTests.xctest */;
			productType = "com.apple.product-type.bundle.unit-test";
		};
/* End PBXNativeTarget section */

/* Begin PBXProject section */
		3160E338238D347A001456D4 /* Project object */ = {
			isa = PBXProject;
			attributes = {
				LastSwiftUpdateCheck = 1120;
				LastUpgradeCheck = 1120;
				ORGANIZATIONNAME = "Dunlop, Hugo (PEPW)";
				TargetAttributes = {
					3160E33F238D347A001456D4 = {
						CreatedOnToolsVersion = 11.2.1;
					};
					3160E354238D35EF001456D4 = {
						CreatedOnToolsVersion = 11.2.1;
					};
					3160E365238D387B001456D4 = {
						CreatedOnToolsVersion = 11.2.1;
					};
				};
			};
			buildConfigurationList = 3160E33B238D347A001456D4 /* Build configuration list for PBXProject "Tamagotchi" */;
			compatibilityVersion = "Xcode 9.3";
			developmentRegion = en;
			hasScannedForEncodings = 0;
			knownRegions = (
				en,
				Base,
			);
			mainGroup = 3160E337238D347A001456D4;
			productRefGroup = 3160E341238D347A001456D4 /* Products */;
			projectDirPath = "";
			projectRoot = "";
			targets = (
				3160E33F238D347A001456D4 /* Tamagotchi */,
				3160E354238D35EF001456D4 /* TamagotchiTests */,
				3160E365238D387B001456D4 /* RealTamagotchiTests */,
			);
		};
/* End PBXProject section */

/* Begin PBXResourcesBuildPhase section */
		3160E353238D35EF001456D4 /* Resources */ = {
			isa = PBXResourcesBuildPhase;
			buildActionMask = 2147483647;
			files = (
			);
			runOnlyForDeploymentPostprocessing = 0;
		};
		3160E364238D387B001456D4 /* Resources */ = {
			isa = PBXResourcesBuildPhase;
			buildActionMask = 2147483647;
			files = (
			);
			runOnlyForDeploymentPostprocessing = 0;
		};
/* End PBXResourcesBuildPhase section */

/* Begin PBXSourcesBuildPhase section */
		3160E33C238D347A001456D4 /* Sources */ = {
			isa = PBXSourcesBuildPhase;
			buildActionMask = 2147483647;
			files = (
				3160E34D238D3589001456D4 /* Tamagotchi.swift in Sources */,
				3160E344238D347A001456D4 /* main.swift in Sources */,
			);
			runOnlyForDeploymentPostprocessing = 0;
		};
		3160E351238D35EF001456D4 /* Sources */ = {
			isa = PBXSourcesBuildPhase;
			buildActionMask = 2147483647;
			files = (
			);
			runOnlyForDeploymentPostprocessing = 0;
		};
		3160E362238D387B001456D4 /* Sources */ = {
			isa = PBXSourcesBuildPhase;
			buildActionMask = 2147483647;
			files = (
				3160E36E238D3908001456D4 /* Tamagotchi.swift in Sources */,
				3160E369238D387B001456D4 /* RealTamagotchiTests.swift in Sources */,
			);
			runOnlyForDeploymentPostprocessing = 0;
		};
/* End PBXSourcesBuildPhase section */

/* Begin XCBuildConfiguration section */
		3160E345238D347A001456D4 /* Debug */ = {
			isa = XCBuildConfiguration;
			buildSettings = {
				ALWAYS_SEARCH_USER_PATHS = NO;
				CLANG_ANALYZER_NONNULL = YES;
				CLANG_ANALYZER_NUMBER_OBJECT_CONVERSION = YES_AGGRESSIVE;
				CLANG_CXX_LANGUAGE_STANDARD = "gnu++14";
				CLANG_CXX_LIBRARY = "libc++";
				CLANG_ENABLE_MODULES = YES;
				CLANG_ENABLE_OBJC_ARC = YES;
				CLANG_ENABLE_OBJC_WEAK = YES;
				CLANG_WARN_BLOCK_CAPTURE_AUTORELEASING = YES;
				CLANG_WARN_BOOL_CONVERSION = YES;
				CLANG_WARN_COMMA = YES;
				CLANG_WARN_CONSTANT_CONVERSION = YES;
				CLANG_WARN_DEPRECATED_OBJC_IMPLEMENTATIONS = YES;
				CLANG_WARN_DIRECT_OBJC_ISA_USAGE = YES_ERROR;
				CLANG_WARN_DOCUMENTATION_COMMENTS = YES;
				CLANG_WARN_EMPTY_BODY = YES;
				CLANG_WARN_ENUM_CONVERSION = YES;
				CLANG_WARN_INFINITE_RECURSION = YES;
				CLANG_WARN_INT_CONVERSION = YES;
				CLANG_WARN_NON_LITERAL_NULL_CONVERSION = YES;
				CLANG_WARN_OBJC_IMPLICIT_RETAIN_SELF = YES;
				CLANG_WARN_OBJC_LITERAL_CONVERSION = YES;
				CLANG_WARN_OBJC_ROOT_CLASS = YES_ERROR;
				CLANG_WARN_RANGE_LOOP_ANALYSIS = YES;
				CLANG_WARN_STRICT_PROTOTYPES = YES;
				CLANG_WARN_SUSPICIOUS_MOVE = YES;
				CLANG_WARN_UNGUARDED_AVAILABILITY = YES_AGGRESSIVE;
				CLANG_WARN_UNREACHABLE_CODE = YES;
				CLANG_WARN__DUPLICATE_METHOD_MATCH = YES;
				COPY_PHASE_STRIP = NO;
				DEBUG_INFORMATION_FORMAT = dwarf;
				ENABLE_STRICT_OBJC_MSGSEND = YES;
				ENABLE_TESTABILITY = YES;
				GCC_C_LANGUAGE_STANDARD = gnu11;
				GCC_DYNAMIC_NO_PIC = NO;
				GCC_NO_COMMON_BLOCKS = YES;
				GCC_OPTIMIZATION_LEVEL = 0;
				GCC_PREPROCESSOR_DEFINITIONS = (
					"DEBUG=1",
					"$(inherited)",
				);
				GCC_WARN_64_TO_32_BIT_CONVERSION = YES;
				GCC_WARN_ABOUT_RETURN_TYPE = YES_ERROR;
				GCC_WARN_UNDECLARED_SELECTOR = YES;
				GCC_WARN_UNINITIALIZED_AUTOS = YES_AGGRESSIVE;
				GCC_WARN_UNUSED_FUNCTION = YES;
				GCC_WARN_UNUSED_VARIABLE = YES;
				MACOSX_DEPLOYMENT_TARGET = 10.14;
				MTL_ENABLE_DEBUG_INFO = INCLUDE_SOURCE;
				MTL_FAST_MATH = YES;
				ONLY_ACTIVE_ARCH = YES;
				SDKROOT = macosx;
				SWIFT_ACTIVE_COMPILATION_CONDITIONS = DEBUG;
				SWIFT_OPTIMIZATION_LEVEL = "-Onone";
			};
			name = Debug;
		};
		3160E346238D347A001456D4 /* Release */ = {
			isa = XCBuildConfiguration;
			buildSettings = {
				ALWAYS_SEARCH_USER_PATHS = NO;
				CLANG_ANALYZER_NONNULL = YES;
				CLANG_ANALYZER_NUMBER_OBJECT_CONVERSION = YES_AGGRESSIVE;
				CLANG_CXX_LANGUAGE_STANDARD = "gnu++14";
				CLANG_CXX_LIBRARY = "libc++";
				CLANG_ENABLE_MODULES = YES;
				CLANG_ENABLE_OBJC_ARC = YES;
				CLANG_ENABLE_OBJC_WEAK = YES;
				CLANG_WARN_BLOCK_CAPTURE_AUTORELEASING = YES;
				CLANG_WARN_BOOL_CONVERSION = YES;
				CLANG_WARN_COMMA = YES;
				CLANG_WARN_CONSTANT_CONVERSION = YES;
				CLANG_WARN_DEPRECATED_OBJC_IMPLEMENTATIONS = YES;
				CLANG_WARN_DIRECT_OBJC_ISA_USAGE = YES_ERROR;
				CLANG_WARN_DOCUMENTATION_COMMENTS = YES;
				CLANG_WARN_EMPTY_BODY = YES;
				CLANG_WARN_ENUM_CONVERSION = YES;
				CLANG_WARN_INFINITE_RECURSION = YES;
				CLANG_WARN_INT_CONVERSION = YES;
				CLANG_WARN_NON_LITERAL_NULL_CONVERSION = YES;
				CLANG_WARN_OBJC_IMPLICIT_RETAIN_SELF = YES;
				CLANG_WARN_OBJC_LITERAL_CONVERSION = YES;
				CLANG_WARN_OBJC_ROOT_CLASS = YES_ERROR;
				CLANG_WARN_RANGE_LOOP_ANALYSIS = YES;
				CLANG_WARN_STRICT_PROTOTYPES = YES;
				CLANG_WARN_SUSPICIOUS_MOVE = YES;
				CLANG_WARN_UNGUARDED_AVAILABILITY = YES_AGGRESSIVE;
				CLANG_WARN_UNREACHABLE_CODE = YES;
				CLANG_WARN__DUPLICATE_METHOD_MATCH = YES;
				COPY_PHASE_STRIP = NO;
				DEBUG_INFORMATION_FORMAT = "dwarf-with-dsym";
				ENABLE_NS_ASSERTIONS = NO;
				ENABLE_STRICT_OBJC_MSGSEND = YES;
				GCC_C_LANGUAGE_STANDARD = gnu11;
				GCC_NO_COMMON_BLOCKS = YES;
				GCC_WARN_64_TO_32_BIT_CONVERSION = YES;
				GCC_WARN_ABOUT_RETURN_TYPE = YES_ERROR;
				GCC_WARN_UNDECLARED_SELECTOR = YES;
				GCC_WARN_UNINITIALIZED_AUTOS = YES_AGGRESSIVE;
				GCC_WARN_UNUSED_FUNCTION = YES;
				GCC_WARN_UNUSED_VARIABLE = YES;
				MACOSX_DEPLOYMENT_TARGET = 10.14;
				MTL_ENABLE_DEBUG_INFO = NO;
				MTL_FAST_MATH = YES;
				SDKROOT = macosx;
				SWIFT_COMPILATION_MODE = wholemodule;
				SWIFT_OPTIMIZATION_LEVEL = "-O";
			};
			name = Release;
		};
		3160E348238D347A001456D4 /* Debug */ = {
			isa = XCBuildConfiguration;
			buildSettings = {
				CODE_SIGN_STYLE = Automatic;
				PRODUCT_NAME = "$(TARGET_NAME)";
				SWIFT_VERSION = 5.0;
			};
			name = Debug;
		};
		3160E349238D347A001456D4 /* Release */ = {
			isa = XCBuildConfiguration;
			buildSettings = {
				CODE_SIGN_STYLE = Automatic;
				PRODUCT_NAME = "$(TARGET_NAME)";
				SWIFT_VERSION = 5.0;
			};
			name = Release;
		};
		3160E35B238D35F0001456D4 /* Debug */ = {
			isa = XCBuildConfiguration;
			buildSettings = {
				CODE_SIGN_STYLE = Automatic;
				COMBINE_HIDPI_IMAGES = YES;
				INFOPLIST_FILE = TamagotchiTests/Info.plist;
				LD_RUNPATH_SEARCH_PATHS = (
					"$(inherited)",
					"@executable_path/../Frameworks",
					"@loader_path/../Frameworks",
				);
				PRODUCT_BUNDLE_IDENTIFIER = com.HDunlop.TamagotchiTests;
				PRODUCT_NAME = "$(TARGET_NAME)";
				SWIFT_VERSION = 5.0;
			};
			name = Debug;
		};
		3160E35C238D35F0001456D4 /* Release */ = {
			isa = XCBuildConfiguration;
			buildSettings = {
				CODE_SIGN_STYLE = Automatic;
				COMBINE_HIDPI_IMAGES = YES;
				INFOPLIST_FILE = TamagotchiTests/Info.plist;
				LD_RUNPATH_SEARCH_PATHS = (
					"$(inherited)",
					"@executable_path/../Frameworks",
					"@loader_path/../Frameworks",
				);
				PRODUCT_BUNDLE_IDENTIFIER = com.HDunlop.TamagotchiTests;
				PRODUCT_NAME = "$(TARGET_NAME)";
				SWIFT_VERSION = 5.0;
			};
			name = Release;
		};
		3160E36C238D387B001456D4 /* Debug */ = {
			isa = XCBuildConfiguration;
			buildSettings = {
				CODE_SIGN_STYLE = Automatic;
				COMBINE_HIDPI_IMAGES = YES;
				INFOPLIST_FILE = RealTamagotchiTests/Info.plist;
				LD_RUNPATH_SEARCH_PATHS = (
					"$(inherited)",
					"@executable_path/../Frameworks",
					"@loader_path/../Frameworks",
				);
				PRODUCT_BUNDLE_IDENTIFIER = com.HDunlop.RealTamagotchiTests;
				PRODUCT_NAME = "$(TARGET_NAME)";
				SWIFT_VERSION = 5.0;
			};
			name = Debug;
		};
		3160E36D238D387B001456D4 /* Release */ = {
			isa = XCBuildConfiguration;
			buildSettings = {
				CODE_SIGN_STYLE = Automatic;
				COMBINE_HIDPI_IMAGES = YES;
				INFOPLIST_FILE = RealTamagotchiTests/Info.plist;
				LD_RUNPATH_SEARCH_PATHS = (
					"$(inherited)",
					"@executable_path/../Frameworks",
					"@loader_path/../Frameworks",
				);
				PRODUCT_BUNDLE_IDENTIFIER = com.HDunlop.RealTamagotchiTests;
				PRODUCT_NAME = "$(TARGET_NAME)";
				SWIFT_VERSION = 5.0;
			};
			name = Release;
		};
/* End XCBuildConfiguration section */

/* Begin XCConfigurationList section */
		3160E33B238D347A001456D4 /* Build configuration list for PBXProject "Tamagotchi" */ = {
			isa = XCConfigurationList;
			buildConfigurations = (
				3160E345238D347A001456D4 /* Debug */,
				3160E346238D347A001456D4 /* Release */,
			);
			defaultConfigurationIsVisible = 0;
			defaultConfigurationName = Release;
		};
		3160E347238D347A001456D4 /* Build configuration list for PBXNativeTarget "Tamagotchi" */ = {
			isa = XCConfigurationList;
			buildConfigurations = (
				3160E348238D347A001456D4 /* Debug */,
				3160E349238D347A001456D4 /* Release */,
			);
			defaultConfigurationIsVisible = 0;
			defaultConfigurationName = Release;
		};
		3160E35A238D35F0001456D4 /* Build configuration list for PBXNativeTarget "TamagotchiTests" */ = {
			isa = XCConfigurationList;
			buildConfigurations = (
				3160E35B238D35F0001456D4 /* Debug */,
				3160E35C238D35F0001456D4 /* Release */,
			);
			defaultConfigurationIsVisible = 0;
			defaultConfigurationName = Release;
		};
		3160E36B238D387B001456D4 /* Build configuration list for PBXNativeTarget "RealTamagotchiTests" */ = {
			isa = XCConfigurationList;
			buildConfigurations = (
				3160E36C238D387B001456D4 /* Debug */,
				3160E36D238D387B001456D4 /* Release */,
			);
			defaultConfigurationIsVisible = 0;
			defaultConfigurationName = Release;
		};
/* End XCConfigurationList section */
	};
	rootObject = 3160E338238D347A001456D4 /* Project object */;
}
