// !$*UTF8*$!
{
	archiveVersion = 1;
	classes = {
	};
	objectVersion = 50;
	objects = {

/* Begin PBXBuildFile section */
		4CA90A0C240AFCFE00EAA5EB /* ArtistResponse.swift in Sources */ = {isa = PBXBuildFile; fileRef = 4CA90A0B240AFCFE00EAA5EB /* ArtistResponse.swift */; };
		4CA90A0E240AFD3A00EAA5EB /* Artist.swift in Sources */ = {isa = PBXBuildFile; fileRef = 4CA90A0D240AFD3A00EAA5EB /* Artist.swift */; };
		4CA98F0E2406E1780015FB71 /* AppDelegate.swift in Sources */ = {isa = PBXBuildFile; fileRef = 4CA98F0D2406E1780015FB71 /* AppDelegate.swift */; };
		4CA98F102406E1780015FB71 /* SceneDelegate.swift in Sources */ = {isa = PBXBuildFile; fileRef = 4CA98F0F2406E1780015FB71 /* SceneDelegate.swift */; };
		4CA98F122406E1780015FB71 /* ViewController.swift in Sources */ = {isa = PBXBuildFile; fileRef = 4CA98F112406E1780015FB71 /* ViewController.swift */; };
		4CA98F152406E1780015FB71 /* Main.storyboard in Resources */ = {isa = PBXBuildFile; fileRef = 4CA98F132406E1780015FB71 /* Main.storyboard */; };
		4CA98F172406E17D0015FB71 /* Assets.xcassets in Resources */ = {isa = PBXBuildFile; fileRef = 4CA98F162406E17D0015FB71 /* Assets.xcassets */; };
		4CA98F1A2406E17D0015FB71 /* LaunchScreen.storyboard in Resources */ = {isa = PBXBuildFile; fileRef = 4CA98F182406E17D0015FB71 /* LaunchScreen.storyboard */; };
		4CA98F252406E17F0015FB71 /* MusicByLocationTests.swift in Sources */ = {isa = PBXBuildFile; fileRef = 4CA98F242406E17F0015FB71 /* MusicByLocationTests.swift */; };
		4CA98F302406E17F0015FB71 /* MusicByLocationUITests.swift in Sources */ = {isa = PBXBuildFile; fileRef = 4CA98F2F2406E17F0015FB71 /* MusicByLocationUITests.swift */; };
/* End PBXBuildFile section */

/* Begin PBXContainerItemProxy section */
		4CA98F212406E17E0015FB71 /* PBXContainerItemProxy */ = {
			isa = PBXContainerItemProxy;
			containerPortal = 4CA98F022406E1780015FB71 /* Project object */;
			proxyType = 1;
			remoteGlobalIDString = 4CA98F092406E1780015FB71;
			remoteInfo = MusicByLocation;
		};
		4CA98F2C2406E17F0015FB71 /* PBXContainerItemProxy */ = {
			isa = PBXContainerItemProxy;
			containerPortal = 4CA98F022406E1780015FB71 /* Project object */;
			proxyType = 1;
			remoteGlobalIDString = 4CA98F092406E1780015FB71;
			remoteInfo = MusicByLocation;
		};
/* End PBXContainerItemProxy section */

/* Begin PBXFileReference section */
		4CA90A0B240AFCFE00EAA5EB /* ArtistResponse.swift */ = {isa = PBXFileReference; lastKnownFileType = sourcecode.swift; path = ArtistResponse.swift; sourceTree = "<group>"; };
		4CA90A0D240AFD3A00EAA5EB /* Artist.swift */ = {isa = PBXFileReference; lastKnownFileType = sourcecode.swift; path = Artist.swift; sourceTree = "<group>"; };
		4CA98F0A2406E1780015FB71 /* MusicByLocation.app */ = {isa = PBXFileReference; explicitFileType = wrapper.application; includeInIndex = 0; path = MusicByLocation.app; sourceTree = BUILT_PRODUCTS_DIR; };
		4CA98F0D2406E1780015FB71 /* AppDelegate.swift */ = {isa = PBXFileReference; lastKnownFileType = sourcecode.swift; path = AppDelegate.swift; sourceTree = "<group>"; };
		4CA98F0F2406E1780015FB71 /* SceneDelegate.swift */ = {isa = PBXFileReference; lastKnownFileType = sourcecode.swift; path = SceneDelegate.swift; sourceTree = "<group>"; };
		4CA98F112406E1780015FB71 /* ViewController.swift */ = {isa = PBXFileReference; lastKnownFileType = sourcecode.swift; path = ViewController.swift; sourceTree = "<group>"; };
		4CA98F142406E1780015FB71 /* Base */ = {isa = PBXFileReference; lastKnownFileType = file.storyboard; name = Base; path = Base.lproj/Main.storyboard; sourceTree = "<group>"; };
		4CA98F162406E17D0015FB71 /* Assets.xcassets */ = {isa = PBXFileReference; lastKnownFileType = folder.assetcatalog; path = Assets.xcassets; sourceTree = "<group>"; };
		4CA98F192406E17D0015FB71 /* Base */ = {isa = PBXFileReference; lastKnownFileType = file.storyboard; name = Base; path = Base.lproj/LaunchScreen.storyboard; sourceTree = "<group>"; };
		4CA98F1B2406E17D0015FB71 /* Info.plist */ = {isa = PBXFileReference; lastKnownFileType = text.plist.xml; path = Info.plist; sourceTree = "<group>"; };
		4CA98F202406E17E0015FB71 /* MusicByLocationTests.xctest */ = {isa = PBXFileReference; explicitFileType = wrapper.cfbundle; includeInIndex = 0; path = MusicByLocationTests.xctest; sourceTree = BUILT_PRODUCTS_DIR; };
		4CA98F242406E17F0015FB71 /* MusicByLocationTests.swift */ = {isa = PBXFileReference; lastKnownFileType = sourcecode.swift; path = MusicByLocationTests.swift; sourceTree = "<group>"; };
		4CA98F262406E17F0015FB71 /* Info.plist */ = {isa = PBXFileReference; lastKnownFileType = text.plist.xml; path = Info.plist; sourceTree = "<group>"; };
		4CA98F2B2406E17F0015FB71 /* MusicByLocationUITests.xctest */ = {isa = PBXFileReference; explicitFileType = wrapper.cfbundle; includeInIndex = 0; path = MusicByLocationUITests.xctest; sourceTree = BUILT_PRODUCTS_DIR; };
		4CA98F2F2406E17F0015FB71 /* MusicByLocationUITests.swift */ = {isa = PBXFileReference; lastKnownFileType = sourcecode.swift; path = MusicByLocationUITests.swift; sourceTree = "<group>"; };
		4CA98F312406E17F0015FB71 /* Info.plist */ = {isa = PBXFileReference; lastKnownFileType = text.plist.xml; path = Info.plist; sourceTree = "<group>"; };
/* End PBXFileReference section */

/* Begin PBXFrameworksBuildPhase section */
		4CA98F072406E1780015FB71 /* Frameworks */ = {
			isa = PBXFrameworksBuildPhase;
			buildActionMask = 2147483647;
			files = (
			);
			runOnlyForDeploymentPostprocessing = 0;
		};
		4CA98F1D2406E17E0015FB71 /* Frameworks */ = {
			isa = PBXFrameworksBuildPhase;
			buildActionMask = 2147483647;
			files = (
			);
			runOnlyForDeploymentPostprocessing = 0;
		};
		4CA98F282406E17F0015FB71 /* Frameworks */ = {
			isa = PBXFrameworksBuildPhase;
			buildActionMask = 2147483647;
			files = (
			);
			runOnlyForDeploymentPostprocessing = 0;
		};
/* End PBXFrameworksBuildPhase section */

/* Begin PBXGroup section */
		4CA98F012406E1780015FB71 = {
			isa = PBXGroup;
			children = (
				4CA98F0C2406E1780015FB71 /* MusicByLocation */,
				4CA98F232406E17F0015FB71 /* MusicByLocationTests */,
				4CA98F2E2406E17F0015FB71 /* MusicByLocationUITests */,
				4CA98F0B2406E1780015FB71 /* Products */,
			);
			sourceTree = "<group>";
		};
		4CA98F0B2406E1780015FB71 /* Products */ = {
			isa = PBXGroup;
			children = (
				4CA98F0A2406E1780015FB71 /* MusicByLocation.app */,
				4CA98F202406E17E0015FB71 /* MusicByLocationTests.xctest */,
				4CA98F2B2406E17F0015FB71 /* MusicByLocationUITests.xctest */,
			);
			name = Products;
			sourceTree = "<group>";
		};
		4CA98F0C2406E1780015FB71 /* MusicByLocation */ = {
			isa = PBXGroup;
			children = (
				4CA98F0D2406E1780015FB71 /* AppDelegate.swift */,
				4CA98F0F2406E1780015FB71 /* SceneDelegate.swift */,
				4CA98F112406E1780015FB71 /* ViewController.swift */,
				4CA90A0B240AFCFE00EAA5EB /* ArtistResponse.swift */,
				4CA90A0D240AFD3A00EAA5EB /* Artist.swift */,
				4CA98F132406E1780015FB71 /* Main.storyboard */,
				4CA98F162406E17D0015FB71 /* Assets.xcassets */,
				4CA98F182406E17D0015FB71 /* LaunchScreen.storyboard */,
				4CA98F1B2406E17D0015FB71 /* Info.plist */,
			);
			path = MusicByLocation;
			sourceTree = "<group>";
		};
		4CA98F232406E17F0015FB71 /* MusicByLocationTests */ = {
			isa = PBXGroup;
			children = (
				4CA98F242406E17F0015FB71 /* MusicByLocationTests.swift */,
				4CA98F262406E17F0015FB71 /* Info.plist */,
			);
			path = MusicByLocationTests;
			sourceTree = "<group>";
		};
		4CA98F2E2406E17F0015FB71 /* MusicByLocationUITests */ = {
			isa = PBXGroup;
			children = (
				4CA98F2F2406E17F0015FB71 /* MusicByLocationUITests.swift */,
				4CA98F312406E17F0015FB71 /* Info.plist */,
			);
			path = MusicByLocationUITests;
			sourceTree = "<group>";
		};
/* End PBXGroup section */

/* Begin PBXNativeTarget section */
		4CA98F092406E1780015FB71 /* MusicByLocation */ = {
			isa = PBXNativeTarget;
			buildConfigurationList = 4CA98F342406E17F0015FB71 /* Build configuration list for PBXNativeTarget "MusicByLocation" */;
			buildPhases = (
				4CA98F062406E1780015FB71 /* Sources */,
				4CA98F072406E1780015FB71 /* Frameworks */,
				4CA98F082406E1780015FB71 /* Resources */,
			);
			buildRules = (
			);
			dependencies = (
			);
			name = MusicByLocation;
			productName = MusicByLocation;
			productReference = 4CA98F0A2406E1780015FB71 /* MusicByLocation.app */;
			productType = "com.apple.product-type.application";
		};
		4CA98F1F2406E17E0015FB71 /* MusicByLocationTests */ = {
			isa = PBXNativeTarget;
			buildConfigurationList = 4CA98F372406E17F0015FB71 /* Build configuration list for PBXNativeTarget "MusicByLocationTests" */;
			buildPhases = (
				4CA98F1C2406E17E0015FB71 /* Sources */,
				4CA98F1D2406E17E0015FB71 /* Frameworks */,
				4CA98F1E2406E17E0015FB71 /* Resources */,
			);
			buildRules = (
			);
			dependencies = (
				4CA98F222406E17E0015FB71 /* PBXTargetDependency */,
			);
			name = MusicByLocationTests;
			productName = MusicByLocationTests;
			productReference = 4CA98F202406E17E0015FB71 /* MusicByLocationTests.xctest */;
			productType = "com.apple.product-type.bundle.unit-test";
		};
		4CA98F2A2406E17F0015FB71 /* MusicByLocationUITests */ = {
			isa = PBXNativeTarget;
			buildConfigurationList = 4CA98F3A2406E17F0015FB71 /* Build configuration list for PBXNativeTarget "MusicByLocationUITests" */;
			buildPhases = (
				4CA98F272406E17F0015FB71 /* Sources */,
				4CA98F282406E17F0015FB71 /* Frameworks */,
				4CA98F292406E17F0015FB71 /* Resources */,
			);
			buildRules = (
			);
			dependencies = (
				4CA98F2D2406E17F0015FB71 /* PBXTargetDependency */,
			);
			name = MusicByLocationUITests;
			productName = MusicByLocationUITests;
			productReference = 4CA98F2B2406E17F0015FB71 /* MusicByLocationUITests.xctest */;
			productType = "com.apple.product-type.bundle.ui-testing";
		};
/* End PBXNativeTarget section */

/* Begin PBXProject section */
		4CA98F022406E1780015FB71 /* Project object */ = {
			isa = PBXProject;
			attributes = {
				LastSwiftUpdateCheck = 1130;
				LastUpgradeCheck = 1130;
				ORGANIZATIONNAME = SingularBro;
				TargetAttributes = {
					4CA98F092406E1780015FB71 = {
						CreatedOnToolsVersion = 11.3.1;
					};
					4CA98F1F2406E17E0015FB71 = {
						CreatedOnToolsVersion = 11.3.1;
						TestTargetID = 4CA98F092406E1780015FB71;
					};
					4CA98F2A2406E17F0015FB71 = {
						CreatedOnToolsVersion = 11.3.1;
						TestTargetID = 4CA98F092406E1780015FB71;
					};
				};
			};
			buildConfigurationList = 4CA98F052406E1780015FB71 /* Build configuration list for PBXProject "MusicByLocation" */;
			compatibilityVersion = "Xcode 9.3";
			developmentRegion = en;
			hasScannedForEncodings = 0;
			knownRegions = (
				en,
				Base,
			);
			mainGroup = 4CA98F012406E1780015FB71;
			productRefGroup = 4CA98F0B2406E1780015FB71 /* Products */;
			projectDirPath = "";
			projectRoot = "";
			targets = (
				4CA98F092406E1780015FB71 /* MusicByLocation */,
				4CA98F1F2406E17E0015FB71 /* MusicByLocationTests */,
				4CA98F2A2406E17F0015FB71 /* MusicByLocationUITests */,
			);
		};
/* End PBXProject section */

/* Begin PBXResourcesBuildPhase section */
		4CA98F082406E1780015FB71 /* Resources */ = {
			isa = PBXResourcesBuildPhase;
			buildActionMask = 2147483647;
			files = (
				4CA98F1A2406E17D0015FB71 /* LaunchScreen.storyboard in Resources */,
				4CA98F172406E17D0015FB71 /* Assets.xcassets in Resources */,
				4CA98F152406E1780015FB71 /* Main.storyboard in Resources */,
			);
			runOnlyForDeploymentPostprocessing = 0;
		};
		4CA98F1E2406E17E0015FB71 /* Resources */ = {
			isa = PBXResourcesBuildPhase;
			buildActionMask = 2147483647;
			files = (
			);
			runOnlyForDeploymentPostprocessing = 0;
		};
		4CA98F292406E17F0015FB71 /* Resources */ = {
			isa = PBXResourcesBuildPhase;
			buildActionMask = 2147483647;
			files = (
			);
			runOnlyForDeploymentPostprocessing = 0;
		};
/* End PBXResourcesBuildPhase section */

/* Begin PBXSourcesBuildPhase section */
		4CA98F062406E1780015FB71 /* Sources */ = {
			isa = PBXSourcesBuildPhase;
			buildActionMask = 2147483647;
			files = (
				4CA98F122406E1780015FB71 /* ViewController.swift in Sources */,
				4CA90A0C240AFCFE00EAA5EB /* ArtistResponse.swift in Sources */,
				4CA98F0E2406E1780015FB71 /* AppDelegate.swift in Sources */,
				4CA90A0E240AFD3A00EAA5EB /* Artist.swift in Sources */,
				4CA98F102406E1780015FB71 /* SceneDelegate.swift in Sources */,
			);
			runOnlyForDeploymentPostprocessing = 0;
		};
		4CA98F1C2406E17E0015FB71 /* Sources */ = {
			isa = PBXSourcesBuildPhase;
			buildActionMask = 2147483647;
			files = (
				4CA98F252406E17F0015FB71 /* MusicByLocationTests.swift in Sources */,
			);
			runOnlyForDeploymentPostprocessing = 0;
		};
		4CA98F272406E17F0015FB71 /* Sources */ = {
			isa = PBXSourcesBuildPhase;
			buildActionMask = 2147483647;
			files = (
				4CA98F302406E17F0015FB71 /* MusicByLocationUITests.swift in Sources */,
			);
			runOnlyForDeploymentPostprocessing = 0;
		};
/* End PBXSourcesBuildPhase section */

/* Begin PBXTargetDependency section */
		4CA98F222406E17E0015FB71 /* PBXTargetDependency */ = {
			isa = PBXTargetDependency;
			target = 4CA98F092406E1780015FB71 /* MusicByLocation */;
			targetProxy = 4CA98F212406E17E0015FB71 /* PBXContainerItemProxy */;
		};
		4CA98F2D2406E17F0015FB71 /* PBXTargetDependency */ = {
			isa = PBXTargetDependency;
			target = 4CA98F092406E1780015FB71 /* MusicByLocation */;
			targetProxy = 4CA98F2C2406E17F0015FB71 /* PBXContainerItemProxy */;
		};
/* End PBXTargetDependency section */

/* Begin PBXVariantGroup section */
		4CA98F132406E1780015FB71 /* Main.storyboard */ = {
			isa = PBXVariantGroup;
			children = (
				4CA98F142406E1780015FB71 /* Base */,
			);
			name = Main.storyboard;
			sourceTree = "<group>";
		};
		4CA98F182406E17D0015FB71 /* LaunchScreen.storyboard */ = {
			isa = PBXVariantGroup;
			children = (
				4CA98F192406E17D0015FB71 /* Base */,
			);
			name = LaunchScreen.storyboard;
			sourceTree = "<group>";
		};
/* End PBXVariantGroup section */

/* Begin XCBuildConfiguration section */
		4CA98F322406E17F0015FB71 /* Debug */ = {
			isa = XCBuildConfiguration;
			buildSettings = {
				ALWAYS_SEARCH_USER_PATHS = NO;
				CLANG_ANALYZER_NONNULL = YES;
				CLANG_ANALYZER_NUMBER_OBJECT_CONVERSION = YES_AGGRESSIVE;
				CLANG_CXX_LANGUAGE_STANDARD = "gnu++14";
				CLANG_CXX_LIBRARY = "libc++";
				CLANG_ENABLE_MODULES = YES;
				CLANG_ENABLE_OBJC_ARC = YES;
				CLANG_ENABLE_OBJC_WEAK = YES;
				CLANG_WARN_BLOCK_CAPTURE_AUTORELEASING = YES;
				CLANG_WARN_BOOL_CONVERSION = YES;
				CLANG_WARN_COMMA = YES;
				CLANG_WARN_CONSTANT_CONVERSION = YES;
				CLANG_WARN_DEPRECATED_OBJC_IMPLEMENTATIONS = YES;
				CLANG_WARN_DIRECT_OBJC_ISA_USAGE = YES_ERROR;
				CLANG_WARN_DOCUMENTATION_COMMENTS = YES;
				CLANG_WARN_EMPTY_BODY = YES;
				CLANG_WARN_ENUM_CONVERSION = YES;
				CLANG_WARN_INFINITE_RECURSION = YES;
				CLANG_WARN_INT_CONVERSION = YES;
				CLANG_WARN_NON_LITERAL_NULL_CONVERSION = YES;
				CLANG_WARN_OBJC_IMPLICIT_RETAIN_SELF = YES;
				CLANG_WARN_OBJC_LITERAL_CONVERSION = YES;
				CLANG_WARN_OBJC_ROOT_CLASS = YES_ERROR;
				CLANG_WARN_RANGE_LOOP_ANALYSIS = YES;
				CLANG_WARN_STRICT_PROTOTYPES = YES;
				CLANG_WARN_SUSPICIOUS_MOVE = YES;
				CLANG_WARN_UNGUARDED_AVAILABILITY = YES_AGGRESSIVE;
				CLANG_WARN_UNREACHABLE_CODE = YES;
				CLANG_WARN__DUPLICATE_METHOD_MATCH = YES;
				COPY_PHASE_STRIP = NO;
				DEBUG_INFORMATION_FORMAT = dwarf;
				ENABLE_STRICT_OBJC_MSGSEND = YES;
				ENABLE_TESTABILITY = YES;
				GCC_C_LANGUAGE_STANDARD = gnu11;
				GCC_DYNAMIC_NO_PIC = NO;
				GCC_NO_COMMON_BLOCKS = YES;
				GCC_OPTIMIZATION_LEVEL = 0;
				GCC_PREPROCESSOR_DEFINITIONS = (
					"DEBUG=1",
					"$(inherited)",
				);
				GCC_WARN_64_TO_32_BIT_CONVERSION = YES;
				GCC_WARN_ABOUT_RETURN_TYPE = YES_ERROR;
				GCC_WARN_UNDECLARED_SELECTOR = YES;
				GCC_WARN_UNINITIALIZED_AUTOS = YES_AGGRESSIVE;
				GCC_WARN_UNUSED_FUNCTION = YES;
				GCC_WARN_UNUSED_VARIABLE = YES;
				IPHONEOS_DEPLOYMENT_TARGET = 13.2;
				MTL_ENABLE_DEBUG_INFO = INCLUDE_SOURCE;
				MTL_FAST_MATH = YES;
				ONLY_ACTIVE_ARCH = YES;
				SDKROOT = iphoneos;
				SWIFT_ACTIVE_COMPILATION_CONDITIONS = DEBUG;
				SWIFT_OPTIMIZATION_LEVEL = "-Onone";
			};
			name = Debug;
		};
		4CA98F332406E17F0015FB71 /* Release */ = {
			isa = XCBuildConfiguration;
			buildSettings = {
				ALWAYS_SEARCH_USER_PATHS = NO;
				CLANG_ANALYZER_NONNULL = YES;
				CLANG_ANALYZER_NUMBER_OBJECT_CONVERSION = YES_AGGRESSIVE;
				CLANG_CXX_LANGUAGE_STANDARD = "gnu++14";
				CLANG_CXX_LIBRARY = "libc++";
				CLANG_ENABLE_MODULES = YES;
				CLANG_ENABLE_OBJC_ARC = YES;
				CLANG_ENABLE_OBJC_WEAK = YES;
				CLANG_WARN_BLOCK_CAPTURE_AUTORELEASING = YES;
				CLANG_WARN_BOOL_CONVERSION = YES;
				CLANG_WARN_COMMA = YES;
				CLANG_WARN_CONSTANT_CONVERSION = YES;
				CLANG_WARN_DEPRECATED_OBJC_IMPLEMENTATIONS = YES;
				CLANG_WARN_DIRECT_OBJC_ISA_USAGE = YES_ERROR;
				CLANG_WARN_DOCUMENTATION_COMMENTS = YES;
				CLANG_WARN_EMPTY_BODY = YES;
				CLANG_WARN_ENUM_CONVERSION = YES;
				CLANG_WARN_INFINITE_RECURSION = YES;
				CLANG_WARN_INT_CONVERSION = YES;
				CLANG_WARN_NON_LITERAL_NULL_CONVERSION = YES;
				CLANG_WARN_OBJC_IMPLICIT_RETAIN_SELF = YES;
				CLANG_WARN_OBJC_LITERAL_CONVERSION = YES;
				CLANG_WARN_OBJC_ROOT_CLASS = YES_ERROR;
				CLANG_WARN_RANGE_LOOP_ANALYSIS = YES;
				CLANG_WARN_STRICT_PROTOTYPES = YES;
				CLANG_WARN_SUSPICIOUS_MOVE = YES;
				CLANG_WARN_UNGUARDED_AVAILABILITY = YES_AGGRESSIVE;
				CLANG_WARN_UNREACHABLE_CODE = YES;
				CLANG_WARN__DUPLICATE_METHOD_MATCH = YES;
				COPY_PHASE_STRIP = NO;
				DEBUG_INFORMATION_FORMAT = "dwarf-with-dsym";
				ENABLE_NS_ASSERTIONS = NO;
				ENABLE_STRICT_OBJC_MSGSEND = YES;
				GCC_C_LANGUAGE_STANDARD = gnu11;
				GCC_NO_COMMON_BLOCKS = YES;
				GCC_WARN_64_TO_32_BIT_CONVERSION = YES;
				GCC_WARN_ABOUT_RETURN_TYPE = YES_ERROR;
				GCC_WARN_UNDECLARED_SELECTOR = YES;
				GCC_WARN_UNINITIALIZED_AUTOS = YES_AGGRESSIVE;
				GCC_WARN_UNUSED_FUNCTION = YES;
				GCC_WARN_UNUSED_VARIABLE = YES;
				IPHONEOS_DEPLOYMENT_TARGET = 13.2;
				MTL_ENABLE_DEBUG_INFO = NO;
				MTL_FAST_MATH = YES;
				SDKROOT = iphoneos;
				SWIFT_COMPILATION_MODE = wholemodule;
				SWIFT_OPTIMIZATION_LEVEL = "-O";
				VALIDATE_PRODUCT = YES;
			};
			name = Release;
		};
		4CA98F352406E17F0015FB71 /* Debug */ = {
			isa = XCBuildConfiguration;
			buildSettings = {
				ASSETCATALOG_COMPILER_APPICON_NAME = AppIcon;
				CODE_SIGN_STYLE = Automatic;
				INFOPLIST_FILE = MusicByLocation/Info.plist;
				LD_RUNPATH_SEARCH_PATHS = (
					"$(inherited)",
					"@executable_path/Frameworks",
				);
				PRODUCT_BUNDLE_IDENTIFIER = com.HDunlop.MusicByLocation;
				PRODUCT_NAME = "$(TARGET_NAME)";
				SWIFT_VERSION = 5.0;
				TARGETED_DEVICE_FAMILY = "1,2";
			};
			name = Debug;
		};
		4CA98F362406E17F0015FB71 /* Release */ = {
			isa = XCBuildConfiguration;
			buildSettings = {
				ASSETCATALOG_COMPILER_APPICON_NAME = AppIcon;
				CODE_SIGN_STYLE = Automatic;
				INFOPLIST_FILE = MusicByLocation/Info.plist;
				LD_RUNPATH_SEARCH_PATHS = (
					"$(inherited)",
					"@executable_path/Frameworks",
				);
				PRODUCT_BUNDLE_IDENTIFIER = com.HDunlop.MusicByLocation;
				PRODUCT_NAME = "$(TARGET_NAME)";
				SWIFT_VERSION = 5.0;
				TARGETED_DEVICE_FAMILY = "1,2";
			};
			name = Release;
		};
		4CA98F382406E17F0015FB71 /* Debug */ = {
			isa = XCBuildConfiguration;
			buildSettings = {
				ALWAYS_EMBED_SWIFT_STANDARD_LIBRARIES = YES;
				BUNDLE_LOADER = "$(TEST_HOST)";
				CODE_SIGN_STYLE = Automatic;
				INFOPLIST_FILE = MusicByLocationTests/Info.plist;
				IPHONEOS_DEPLOYMENT_TARGET = 13.2;
				LD_RUNPATH_SEARCH_PATHS = (
					"$(inherited)",
					"@executable_path/Frameworks",
					"@loader_path/Frameworks",
				);
				PRODUCT_BUNDLE_IDENTIFIER = com.HDunlop.MusicByLocationTests;
				PRODUCT_NAME = "$(TARGET_NAME)";
				SWIFT_VERSION = 5.0;
				TARGETED_DEVICE_FAMILY = "1,2";
				TEST_HOST = "$(BUILT_PRODUCTS_DIR)/MusicByLocation.app/MusicByLocation";
			};
			name = Debug;
		};
		4CA98F392406E17F0015FB71 /* Release */ = {
			isa = XCBuildConfiguration;
			buildSettings = {
				ALWAYS_EMBED_SWIFT_STANDARD_LIBRARIES = YES;
				BUNDLE_LOADER = "$(TEST_HOST)";
				CODE_SIGN_STYLE = Automatic;
				INFOPLIST_FILE = MusicByLocationTests/Info.plist;
				IPHONEOS_DEPLOYMENT_TARGET = 13.2;
				LD_RUNPATH_SEARCH_PATHS = (
					"$(inherited)",
					"@executable_path/Frameworks",
					"@loader_path/Frameworks",
				);
				PRODUCT_BUNDLE_IDENTIFIER = com.HDunlop.MusicByLocationTests;
				PRODUCT_NAME = "$(TARGET_NAME)";
				SWIFT_VERSION = 5.0;
				TARGETED_DEVICE_FAMILY = "1,2";
				TEST_HOST = "$(BUILT_PRODUCTS_DIR)/MusicByLocation.app/MusicByLocation";
			};
			name = Release;
		};
		4CA98F3B2406E17F0015FB71 /* Debug */ = {
			isa = XCBuildConfiguration;
			buildSettings = {
				ALWAYS_EMBED_SWIFT_STANDARD_LIBRARIES = YES;
				CODE_SIGN_STYLE = Automatic;
				INFOPLIST_FILE = MusicByLocationUITests/Info.plist;
				LD_RUNPATH_SEARCH_PATHS = (
					"$(inherited)",
					"@executable_path/Frameworks",
					"@loader_path/Frameworks",
				);
				PRODUCT_BUNDLE_IDENTIFIER = com.HDunlop.MusicByLocationUITests;
				PRODUCT_NAME = "$(TARGET_NAME)";
				SWIFT_VERSION = 5.0;
				TARGETED_DEVICE_FAMILY = "1,2";
				TEST_TARGET_NAME = MusicByLocation;
			};
			name = Debug;
		};
		4CA98F3C2406E17F0015FB71 /* Release */ = {
			isa = XCBuildConfiguration;
			buildSettings = {
				ALWAYS_EMBED_SWIFT_STANDARD_LIBRARIES = YES;
				CODE_SIGN_STYLE = Automatic;
				INFOPLIST_FILE = MusicByLocationUITests/Info.plist;
				LD_RUNPATH_SEARCH_PATHS = (
					"$(inherited)",
					"@executable_path/Frameworks",
					"@loader_path/Frameworks",
				);
				PRODUCT_BUNDLE_IDENTIFIER = com.HDunlop.MusicByLocationUITests;
				PRODUCT_NAME = "$(TARGET_NAME)";
				SWIFT_VERSION = 5.0;
				TARGETED_DEVICE_FAMILY = "1,2";
				TEST_TARGET_NAME = MusicByLocation;
			};
			name = Release;
		};
/* End XCBuildConfiguration section */

/* Begin XCConfigurationList section */
		4CA98F052406E1780015FB71 /* Build configuration list for PBXProject "MusicByLocation" */ = {
			isa = XCConfigurationList;
			buildConfigurations = (
				4CA98F322406E17F0015FB71 /* Debug */,
				4CA98F332406E17F0015FB71 /* Release */,
			);
			defaultConfigurationIsVisible = 0;
			defaultConfigurationName = Release;
		};
		4CA98F342406E17F0015FB71 /* Build configuration list for PBXNativeTarget "MusicByLocation" */ = {
			isa = XCConfigurationList;
			buildConfigurations = (
				4CA98F352406E17F0015FB71 /* Debug */,
				4CA98F362406E17F0015FB71 /* Release */,
			);
			defaultConfigurationIsVisible = 0;
			defaultConfigurationName = Release;
		};
		4CA98F372406E17F0015FB71 /* Build configuration list for PBXNativeTarget "MusicByLocationTests" */ = {
			isa = XCConfigurationList;
			buildConfigurations = (
				4CA98F382406E17F0015FB71 /* Debug */,
				4CA98F392406E17F0015FB71 /* Release */,
			);
			defaultConfigurationIsVisible = 0;
			defaultConfigurationName = Release;
		};
		4CA98F3A2406E17F0015FB71 /* Build configuration list for PBXNativeTarget "MusicByLocationUITests" */ = {
			isa = XCConfigurationList;
			buildConfigurations = (
				4CA98F3B2406E17F0015FB71 /* Debug */,
				4CA98F3C2406E17F0015FB71 /* Release */,
			);
			defaultConfigurationIsVisible = 0;
			defaultConfigurationName = Release;
		};
/* End XCConfigurationList section */
	};
	rootObject = 4CA98F022406E1780015FB71 /* Project object */;
}
