// !$*UTF8*$!
{
	archiveVersion = 1;
	classes = {
	};
	objectVersion = 50;
	objects = {

/* Begin PBXBuildFile section */
		4C396DDE23E8CAED00A302F0 /* DivisionAbsenceTableViewController.swift in Sources */ = {isa = PBXBuildFile; fileRef = 4C396DDD23E8CAEC00A302F0 /* DivisionAbsenceTableViewController.swift */; };
		4C3D77A223EB453F005AB022 /* StudentCell.swift in Sources */ = {isa = PBXBuildFile; fileRef = 4C3D77A123EB453F005AB022 /* StudentCell.swift */; };
		4C3D77A423EB46D3005AB022 /* Absence.swift in Sources */ = {isa = PBXBuildFile; fileRef = 4C3D77A323EB46D2005AB022 /* Absence.swift */; };
		4C68A3DC23E20A670038AC1C /* AppDelegate.swift in Sources */ = {isa = PBXBuildFile; fileRef = 4C68A3DB23E20A670038AC1C /* AppDelegate.swift */; };
		4C68A3DE23E20A670038AC1C /* SceneDelegate.swift in Sources */ = {isa = PBXBuildFile; fileRef = 4C68A3DD23E20A670038AC1C /* SceneDelegate.swift */; };
		4C68A3E023E20A670038AC1C /* HomeViewController.swift in Sources */ = {isa = PBXBuildFile; fileRef = 4C68A3DF23E20A670038AC1C /* HomeViewController.swift */; };
		4C68A3E323E20A670038AC1C /* Main.storyboard in Resources */ = {isa = PBXBuildFile; fileRef = 4C68A3E123E20A670038AC1C /* Main.storyboard */; };
		4C68A3E523E20A760038AC1C /* Assets.xcassets in Resources */ = {isa = PBXBuildFile; fileRef = 4C68A3E423E20A760038AC1C /* Assets.xcassets */; };
		4C68A3E823E20A760038AC1C /* LaunchScreen.storyboard in Resources */ = {isa = PBXBuildFile; fileRef = 4C68A3E623E20A760038AC1C /* LaunchScreen.storyboard */; };
		4C68A3F323E20A780038AC1C /* AbsenceRecorderTests.swift in Sources */ = {isa = PBXBuildFile; fileRef = 4C68A3F223E20A780038AC1C /* AbsenceRecorderTests.swift */; };
		4C68A3FE23E20A780038AC1C /* AbsenceRecorderUITests.swift in Sources */ = {isa = PBXBuildFile; fileRef = 4C68A3FD23E20A780038AC1C /* AbsenceRecorderUITests.swift */; };
		4C68A40C23E211C50038AC1C /* Student.swift in Sources */ = {isa = PBXBuildFile; fileRef = 4C68A40B23E211C50038AC1C /* Student.swift */; };
		4C68A40E23E212410038AC1C /* Division.swift in Sources */ = {isa = PBXBuildFile; fileRef = 4C68A40D23E212410038AC1C /* Division.swift */; };
		4C68A41023E2132B0038AC1C /* DivisionFactory.swift in Sources */ = {isa = PBXBuildFile; fileRef = 4C68A40F23E2132B0038AC1C /* DivisionFactory.swift */; };
/* End PBXBuildFile section */

/* Begin PBXContainerItemProxy section */
		4C68A3EF23E20A780038AC1C /* PBXContainerItemProxy */ = {
			isa = PBXContainerItemProxy;
			containerPortal = 4C68A3D023E20A660038AC1C /* Project object */;
			proxyType = 1;
			remoteGlobalIDString = 4C68A3D723E20A670038AC1C;
			remoteInfo = AbsenceRecorder;
		};
		4C68A3FA23E20A780038AC1C /* PBXContainerItemProxy */ = {
			isa = PBXContainerItemProxy;
			containerPortal = 4C68A3D023E20A660038AC1C /* Project object */;
			proxyType = 1;
			remoteGlobalIDString = 4C68A3D723E20A670038AC1C;
			remoteInfo = AbsenceRecorder;
		};
/* End PBXContainerItemProxy section */

/* Begin PBXFileReference section */
		4C396DDD23E8CAEC00A302F0 /* DivisionAbsenceTableViewController.swift */ = {isa = PBXFileReference; lastKnownFileType = sourcecode.swift; path = DivisionAbsenceTableViewController.swift; sourceTree = "<group>"; };
		4C3D77A123EB453F005AB022 /* StudentCell.swift */ = {isa = PBXFileReference; lastKnownFileType = sourcecode.swift; path = StudentCell.swift; sourceTree = "<group>"; };
		4C3D77A323EB46D2005AB022 /* Absence.swift */ = {isa = PBXFileReference; lastKnownFileType = sourcecode.swift; path = Absence.swift; sourceTree = "<group>"; };
		4C68A3D823E20A670038AC1C /* AbsenceRecorder.app */ = {isa = PBXFileReference; explicitFileType = wrapper.application; includeInIndex = 0; path = AbsenceRecorder.app; sourceTree = BUILT_PRODUCTS_DIR; };
		4C68A3DB23E20A670038AC1C /* AppDelegate.swift */ = {isa = PBXFileReference; lastKnownFileType = sourcecode.swift; path = AppDelegate.swift; sourceTree = "<group>"; };
		4C68A3DD23E20A670038AC1C /* SceneDelegate.swift */ = {isa = PBXFileReference; lastKnownFileType = sourcecode.swift; path = SceneDelegate.swift; sourceTree = "<group>"; };
		4C68A3DF23E20A670038AC1C /* HomeViewController.swift */ = {isa = PBXFileReference; lastKnownFileType = sourcecode.swift; path = HomeViewController.swift; sourceTree = "<group>"; };
		4C68A3E223E20A670038AC1C /* Base */ = {isa = PBXFileReference; lastKnownFileType = file.storyboard; name = Base; path = Base.lproj/Main.storyboard; sourceTree = "<group>"; };
		4C68A3E423E20A760038AC1C /* Assets.xcassets */ = {isa = PBXFileReference; lastKnownFileType = folder.assetcatalog; path = Assets.xcassets; sourceTree = "<group>"; };
		4C68A3E723E20A760038AC1C /* Base */ = {isa = PBXFileReference; lastKnownFileType = file.storyboard; name = Base; path = Base.lproj/LaunchScreen.storyboard; sourceTree = "<group>"; };
		4C68A3E923E20A760038AC1C /* Info.plist */ = {isa = PBXFileReference; lastKnownFileType = text.plist.xml; path = Info.plist; sourceTree = "<group>"; };
		4C68A3EE23E20A780038AC1C /* AbsenceRecorderTests.xctest */ = {isa = PBXFileReference; explicitFileType = wrapper.cfbundle; includeInIndex = 0; path = AbsenceRecorderTests.xctest; sourceTree = BUILT_PRODUCTS_DIR; };
		4C68A3F223E20A780038AC1C /* AbsenceRecorderTests.swift */ = {isa = PBXFileReference; lastKnownFileType = sourcecode.swift; path = AbsenceRecorderTests.swift; sourceTree = "<group>"; };
		4C68A3F423E20A780038AC1C /* Info.plist */ = {isa = PBXFileReference; lastKnownFileType = text.plist.xml; path = Info.plist; sourceTree = "<group>"; };
		4C68A3F923E20A780038AC1C /* AbsenceRecorderUITests.xctest */ = {isa = PBXFileReference; explicitFileType = wrapper.cfbundle; includeInIndex = 0; path = AbsenceRecorderUITests.xctest; sourceTree = BUILT_PRODUCTS_DIR; };
		4C68A3FD23E20A780038AC1C /* AbsenceRecorderUITests.swift */ = {isa = PBXFileReference; lastKnownFileType = sourcecode.swift; path = AbsenceRecorderUITests.swift; sourceTree = "<group>"; };
		4C68A3FF23E20A780038AC1C /* Info.plist */ = {isa = PBXFileReference; lastKnownFileType = text.plist.xml; path = Info.plist; sourceTree = "<group>"; };
		4C68A40B23E211C50038AC1C /* Student.swift */ = {isa = PBXFileReference; lastKnownFileType = sourcecode.swift; path = Student.swift; sourceTree = "<group>"; };
		4C68A40D23E212410038AC1C /* Division.swift */ = {isa = PBXFileReference; lastKnownFileType = sourcecode.swift; path = Division.swift; sourceTree = "<group>"; };
		4C68A40F23E2132B0038AC1C /* DivisionFactory.swift */ = {isa = PBXFileReference; lastKnownFileType = sourcecode.swift; path = DivisionFactory.swift; sourceTree = "<group>"; };
/* End PBXFileReference section */

/* Begin PBXFrameworksBuildPhase section */
		4C68A3D523E20A670038AC1C /* Frameworks */ = {
			isa = PBXFrameworksBuildPhase;
			buildActionMask = 2147483647;
			files = (
			);
			runOnlyForDeploymentPostprocessing = 0;
		};
		4C68A3EB23E20A780038AC1C /* Frameworks */ = {
			isa = PBXFrameworksBuildPhase;
			buildActionMask = 2147483647;
			files = (
			);
			runOnlyForDeploymentPostprocessing = 0;
		};
		4C68A3F623E20A780038AC1C /* Frameworks */ = {
			isa = PBXFrameworksBuildPhase;
			buildActionMask = 2147483647;
			files = (
			);
			runOnlyForDeploymentPostprocessing = 0;
		};
/* End PBXFrameworksBuildPhase section */

/* Begin PBXGroup section */
		4C68A3CF23E20A660038AC1C = {
			isa = PBXGroup;
			children = (
				4C68A3DA23E20A670038AC1C /* AbsenceRecorder */,
				4C68A3F123E20A780038AC1C /* AbsenceRecorderTests */,
				4C68A3FC23E20A780038AC1C /* AbsenceRecorderUITests */,
				4C68A3D923E20A670038AC1C /* Products */,
			);
			sourceTree = "<group>";
		};
		4C68A3D923E20A670038AC1C /* Products */ = {
			isa = PBXGroup;
			children = (
				4C68A3D823E20A670038AC1C /* AbsenceRecorder.app */,
				4C68A3EE23E20A780038AC1C /* AbsenceRecorderTests.xctest */,
				4C68A3F923E20A780038AC1C /* AbsenceRecorderUITests.xctest */,
			);
			name = Products;
			sourceTree = "<group>";
		};
		4C68A3DA23E20A670038AC1C /* AbsenceRecorder */ = {
			isa = PBXGroup;
			children = (
				4C68A3DB23E20A670038AC1C /* AppDelegate.swift */,
				4C68A3DD23E20A670038AC1C /* SceneDelegate.swift */,
				4C68A3DF23E20A670038AC1C /* HomeViewController.swift */,
				4C68A3E123E20A670038AC1C /* Main.storyboard */,
				4C68A3E423E20A760038AC1C /* Assets.xcassets */,
				4C68A3E623E20A760038AC1C /* LaunchScreen.storyboard */,
				4C68A3E923E20A760038AC1C /* Info.plist */,
				4C68A40B23E211C50038AC1C /* Student.swift */,
				4C68A40D23E212410038AC1C /* Division.swift */,
				4C68A40F23E2132B0038AC1C /* DivisionFactory.swift */,
				4C396DDD23E8CAEC00A302F0 /* DivisionAbsenceTableViewController.swift */,
				4C3D77A123EB453F005AB022 /* StudentCell.swift */,
				4C3D77A323EB46D2005AB022 /* Absence.swift */,
			);
			path = AbsenceRecorder;
			sourceTree = "<group>";
		};
		4C68A3F123E20A780038AC1C /* AbsenceRecorderTests */ = {
			isa = PBXGroup;
			children = (
				4C68A3F223E20A780038AC1C /* AbsenceRecorderTests.swift */,
				4C68A3F423E20A780038AC1C /* Info.plist */,
			);
			path = AbsenceRecorderTests;
			sourceTree = "<group>";
		};
		4C68A3FC23E20A780038AC1C /* AbsenceRecorderUITests */ = {
			isa = PBXGroup;
			children = (
				4C68A3FD23E20A780038AC1C /* AbsenceRecorderUITests.swift */,
				4C68A3FF23E20A780038AC1C /* Info.plist */,
			);
			path = AbsenceRecorderUITests;
			sourceTree = "<group>";
		};
/* End PBXGroup section */

/* Begin PBXNativeTarget section */
		4C68A3D723E20A670038AC1C /* AbsenceRecorder */ = {
			isa = PBXNativeTarget;
			buildConfigurationList = 4C68A40223E20A780038AC1C /* Build configuration list for PBXNativeTarget "AbsenceRecorder" */;
			buildPhases = (
				4C68A3D423E20A670038AC1C /* Sources */,
				4C68A3D523E20A670038AC1C /* Frameworks */,
				4C68A3D623E20A670038AC1C /* Resources */,
			);
			buildRules = (
			);
			dependencies = (
			);
			name = AbsenceRecorder;
			productName = AbsenceRecorder;
			productReference = 4C68A3D823E20A670038AC1C /* AbsenceRecorder.app */;
			productType = "com.apple.product-type.application";
		};
		4C68A3ED23E20A780038AC1C /* AbsenceRecorderTests */ = {
			isa = PBXNativeTarget;
			buildConfigurationList = 4C68A40523E20A780038AC1C /* Build configuration list for PBXNativeTarget "AbsenceRecorderTests" */;
			buildPhases = (
				4C68A3EA23E20A780038AC1C /* Sources */,
				4C68A3EB23E20A780038AC1C /* Frameworks */,
				4C68A3EC23E20A780038AC1C /* Resources */,
			);
			buildRules = (
			);
			dependencies = (
				4C68A3F023E20A780038AC1C /* PBXTargetDependency */,
			);
			name = AbsenceRecorderTests;
			productName = AbsenceRecorderTests;
			productReference = 4C68A3EE23E20A780038AC1C /* AbsenceRecorderTests.xctest */;
			productType = "com.apple.product-type.bundle.unit-test";
		};
		4C68A3F823E20A780038AC1C /* AbsenceRecorderUITests */ = {
			isa = PBXNativeTarget;
			buildConfigurationList = 4C68A40823E20A780038AC1C /* Build configuration list for PBXNativeTarget "AbsenceRecorderUITests" */;
			buildPhases = (
				4C68A3F523E20A780038AC1C /* Sources */,
				4C68A3F623E20A780038AC1C /* Frameworks */,
				4C68A3F723E20A780038AC1C /* Resources */,
			);
			buildRules = (
			);
			dependencies = (
				4C68A3FB23E20A780038AC1C /* PBXTargetDependency */,
			);
			name = AbsenceRecorderUITests;
			productName = AbsenceRecorderUITests;
			productReference = 4C68A3F923E20A780038AC1C /* AbsenceRecorderUITests.xctest */;
			productType = "com.apple.product-type.bundle.ui-testing";
		};
/* End PBXNativeTarget section */

/* Begin PBXProject section */
		4C68A3D023E20A660038AC1C /* Project object */ = {
			isa = PBXProject;
			attributes = {
				LastSwiftUpdateCheck = 1130;
				LastUpgradeCheck = 1130;
				ORGANIZATIONNAME = "Hugo Dunlop";
				TargetAttributes = {
					4C68A3D723E20A670038AC1C = {
						CreatedOnToolsVersion = 11.3.1;
					};
					4C68A3ED23E20A780038AC1C = {
						CreatedOnToolsVersion = 11.3.1;
						TestTargetID = 4C68A3D723E20A670038AC1C;
					};
					4C68A3F823E20A780038AC1C = {
						CreatedOnToolsVersion = 11.3.1;
						TestTargetID = 4C68A3D723E20A670038AC1C;
					};
				};
			};
			buildConfigurationList = 4C68A3D323E20A660038AC1C /* Build configuration list for PBXProject "AbsenceRecorder" */;
			compatibilityVersion = "Xcode 9.3";
			developmentRegion = en;
			hasScannedForEncodings = 0;
			knownRegions = (
				en,
				Base,
			);
			mainGroup = 4C68A3CF23E20A660038AC1C;
			productRefGroup = 4C68A3D923E20A670038AC1C /* Products */;
			projectDirPath = "";
			projectRoot = "";
			targets = (
				4C68A3D723E20A670038AC1C /* AbsenceRecorder */,
				4C68A3ED23E20A780038AC1C /* AbsenceRecorderTests */,
				4C68A3F823E20A780038AC1C /* AbsenceRecorderUITests */,
			);
		};
/* End PBXProject section */

/* Begin PBXResourcesBuildPhase section */
		4C68A3D623E20A670038AC1C /* Resources */ = {
			isa = PBXResourcesBuildPhase;
			buildActionMask = 2147483647;
			files = (
				4C68A3E823E20A760038AC1C /* LaunchScreen.storyboard in Resources */,
				4C68A3E523E20A760038AC1C /* Assets.xcassets in Resources */,
				4C68A3E323E20A670038AC1C /* Main.storyboard in Resources */,
			);
			runOnlyForDeploymentPostprocessing = 0;
		};
		4C68A3EC23E20A780038AC1C /* Resources */ = {
			isa = PBXResourcesBuildPhase;
			buildActionMask = 2147483647;
			files = (
			);
			runOnlyForDeploymentPostprocessing = 0;
		};
		4C68A3F723E20A780038AC1C /* Resources */ = {
			isa = PBXResourcesBuildPhase;
			buildActionMask = 2147483647;
			files = (
			);
			runOnlyForDeploymentPostprocessing = 0;
		};
/* End PBXResourcesBuildPhase section */

/* Begin PBXSourcesBuildPhase section */
		4C68A3D423E20A670038AC1C /* Sources */ = {
			isa = PBXSourcesBuildPhase;
			buildActionMask = 2147483647;
			files = (
				4C3D77A423EB46D3005AB022 /* Absence.swift in Sources */,
				4C68A3E023E20A670038AC1C /* HomeViewController.swift in Sources */,
				4C68A3DC23E20A670038AC1C /* AppDelegate.swift in Sources */,
				4C68A40E23E212410038AC1C /* Division.swift in Sources */,
				4C3D77A223EB453F005AB022 /* StudentCell.swift in Sources */,
				4C68A3DE23E20A670038AC1C /* SceneDelegate.swift in Sources */,
				4C68A40C23E211C50038AC1C /* Student.swift in Sources */,
				4C68A41023E2132B0038AC1C /* DivisionFactory.swift in Sources */,
				4C396DDE23E8CAED00A302F0 /* DivisionAbsenceTableViewController.swift in Sources */,
			);
			runOnlyForDeploymentPostprocessing = 0;
		};
		4C68A3EA23E20A780038AC1C /* Sources */ = {
			isa = PBXSourcesBuildPhase;
			buildActionMask = 2147483647;
			files = (
				4C68A3F323E20A780038AC1C /* AbsenceRecorderTests.swift in Sources */,
			);
			runOnlyForDeploymentPostprocessing = 0;
		};
		4C68A3F523E20A780038AC1C /* Sources */ = {
			isa = PBXSourcesBuildPhase;
			buildActionMask = 2147483647;
			files = (
				4C68A3FE23E20A780038AC1C /* AbsenceRecorderUITests.swift in Sources */,
			);
			runOnlyForDeploymentPostprocessing = 0;
		};
/* End PBXSourcesBuildPhase section */

/* Begin PBXTargetDependency section */
		4C68A3F023E20A780038AC1C /* PBXTargetDependency */ = {
			isa = PBXTargetDependency;
			target = 4C68A3D723E20A670038AC1C /* AbsenceRecorder */;
			targetProxy = 4C68A3EF23E20A780038AC1C /* PBXContainerItemProxy */;
		};
		4C68A3FB23E20A780038AC1C /* PBXTargetDependency */ = {
			isa = PBXTargetDependency;
			target = 4C68A3D723E20A670038AC1C /* AbsenceRecorder */;
			targetProxy = 4C68A3FA23E20A780038AC1C /* PBXContainerItemProxy */;
		};
/* End PBXTargetDependency section */

/* Begin PBXVariantGroup section */
		4C68A3E123E20A670038AC1C /* Main.storyboard */ = {
			isa = PBXVariantGroup;
			children = (
				4C68A3E223E20A670038AC1C /* Base */,
			);
			name = Main.storyboard;
			sourceTree = "<group>";
		};
		4C68A3E623E20A760038AC1C /* LaunchScreen.storyboard */ = {
			isa = PBXVariantGroup;
			children = (
				4C68A3E723E20A760038AC1C /* Base */,
			);
			name = LaunchScreen.storyboard;
			sourceTree = "<group>";
		};
/* End PBXVariantGroup section */

/* Begin XCBuildConfiguration section */
		4C68A40023E20A780038AC1C /* Debug */ = {
			isa = XCBuildConfiguration;
			buildSettings = {
				ALWAYS_SEARCH_USER_PATHS = NO;
				CLANG_ANALYZER_NONNULL = YES;
				CLANG_ANALYZER_NUMBER_OBJECT_CONVERSION = YES_AGGRESSIVE;
				CLANG_CXX_LANGUAGE_STANDARD = "gnu++14";
				CLANG_CXX_LIBRARY = "libc++";
				CLANG_ENABLE_MODULES = YES;
				CLANG_ENABLE_OBJC_ARC = YES;
				CLANG_ENABLE_OBJC_WEAK = YES;
				CLANG_WARN_BLOCK_CAPTURE_AUTORELEASING = YES;
				CLANG_WARN_BOOL_CONVERSION = YES;
				CLANG_WARN_COMMA = YES;
				CLANG_WARN_CONSTANT_CONVERSION = YES;
				CLANG_WARN_DEPRECATED_OBJC_IMPLEMENTATIONS = YES;
				CLANG_WARN_DIRECT_OBJC_ISA_USAGE = YES_ERROR;
				CLANG_WARN_DOCUMENTATION_COMMENTS = YES;
				CLANG_WARN_EMPTY_BODY = YES;
				CLANG_WARN_ENUM_CONVERSION = YES;
				CLANG_WARN_INFINITE_RECURSION = YES;
				CLANG_WARN_INT_CONVERSION = YES;
				CLANG_WARN_NON_LITERAL_NULL_CONVERSION = YES;
				CLANG_WARN_OBJC_IMPLICIT_RETAIN_SELF = YES;
				CLANG_WARN_OBJC_LITERAL_CONVERSION = YES;
				CLANG_WARN_OBJC_ROOT_CLASS = YES_ERROR;
				CLANG_WARN_RANGE_LOOP_ANALYSIS = YES;
				CLANG_WARN_STRICT_PROTOTYPES = YES;
				CLANG_WARN_SUSPICIOUS_MOVE = YES;
				CLANG_WARN_UNGUARDED_AVAILABILITY = YES_AGGRESSIVE;
				CLANG_WARN_UNREACHABLE_CODE = YES;
				CLANG_WARN__DUPLICATE_METHOD_MATCH = YES;
				COPY_PHASE_STRIP = NO;
				DEBUG_INFORMATION_FORMAT = dwarf;
				ENABLE_STRICT_OBJC_MSGSEND = YES;
				ENABLE_TESTABILITY = YES;
				GCC_C_LANGUAGE_STANDARD = gnu11;
				GCC_DYNAMIC_NO_PIC = NO;
				GCC_NO_COMMON_BLOCKS = YES;
				GCC_OPTIMIZATION_LEVEL = 0;
				GCC_PREPROCESSOR_DEFINITIONS = (
					"DEBUG=1",
					"$(inherited)",
				);
				GCC_WARN_64_TO_32_BIT_CONVERSION = YES;
				GCC_WARN_ABOUT_RETURN_TYPE = YES_ERROR;
				GCC_WARN_UNDECLARED_SELECTOR = YES;
				GCC_WARN_UNINITIALIZED_AUTOS = YES_AGGRESSIVE;
				GCC_WARN_UNUSED_FUNCTION = YES;
				GCC_WARN_UNUSED_VARIABLE = YES;
				IPHONEOS_DEPLOYMENT_TARGET = 13.2;
				MTL_ENABLE_DEBUG_INFO = INCLUDE_SOURCE;
				MTL_FAST_MATH = YES;
				ONLY_ACTIVE_ARCH = YES;
				SDKROOT = iphoneos;
				SWIFT_ACTIVE_COMPILATION_CONDITIONS = DEBUG;
				SWIFT_OPTIMIZATION_LEVEL = "-Onone";
			};
			name = Debug;
		};
		4C68A40123E20A780038AC1C /* Release */ = {
			isa = XCBuildConfiguration;
			buildSettings = {
				ALWAYS_SEARCH_USER_PATHS = NO;
				CLANG_ANALYZER_NONNULL = YES;
				CLANG_ANALYZER_NUMBER_OBJECT_CONVERSION = YES_AGGRESSIVE;
				CLANG_CXX_LANGUAGE_STANDARD = "gnu++14";
				CLANG_CXX_LIBRARY = "libc++";
				CLANG_ENABLE_MODULES = YES;
				CLANG_ENABLE_OBJC_ARC = YES;
				CLANG_ENABLE_OBJC_WEAK = YES;
				CLANG_WARN_BLOCK_CAPTURE_AUTORELEASING = YES;
				CLANG_WARN_BOOL_CONVERSION = YES;
				CLANG_WARN_COMMA = YES;
				CLANG_WARN_CONSTANT_CONVERSION = YES;
				CLANG_WARN_DEPRECATED_OBJC_IMPLEMENTATIONS = YES;
				CLANG_WARN_DIRECT_OBJC_ISA_USAGE = YES_ERROR;
				CLANG_WARN_DOCUMENTATION_COMMENTS = YES;
				CLANG_WARN_EMPTY_BODY = YES;
				CLANG_WARN_ENUM_CONVERSION = YES;
				CLANG_WARN_INFINITE_RECURSION = YES;
				CLANG_WARN_INT_CONVERSION = YES;
				CLANG_WARN_NON_LITERAL_NULL_CONVERSION = YES;
				CLANG_WARN_OBJC_IMPLICIT_RETAIN_SELF = YES;
				CLANG_WARN_OBJC_LITERAL_CONVERSION = YES;
				CLANG_WARN_OBJC_ROOT_CLASS = YES_ERROR;
				CLANG_WARN_RANGE_LOOP_ANALYSIS = YES;
				CLANG_WARN_STRICT_PROTOTYPES = YES;
				CLANG_WARN_SUSPICIOUS_MOVE = YES;
				CLANG_WARN_UNGUARDED_AVAILABILITY = YES_AGGRESSIVE;
				CLANG_WARN_UNREACHABLE_CODE = YES;
				CLANG_WARN__DUPLICATE_METHOD_MATCH = YES;
				COPY_PHASE_STRIP = NO;
				DEBUG_INFORMATION_FORMAT = "dwarf-with-dsym";
				ENABLE_NS_ASSERTIONS = NO;
				ENABLE_STRICT_OBJC_MSGSEND = YES;
				GCC_C_LANGUAGE_STANDARD = gnu11;
				GCC_NO_COMMON_BLOCKS = YES;
				GCC_WARN_64_TO_32_BIT_CONVERSION = YES;
				GCC_WARN_ABOUT_RETURN_TYPE = YES_ERROR;
				GCC_WARN_UNDECLARED_SELECTOR = YES;
				GCC_WARN_UNINITIALIZED_AUTOS = YES_AGGRESSIVE;
				GCC_WARN_UNUSED_FUNCTION = YES;
				GCC_WARN_UNUSED_VARIABLE = YES;
				IPHONEOS_DEPLOYMENT_TARGET = 13.2;
				MTL_ENABLE_DEBUG_INFO = NO;
				MTL_FAST_MATH = YES;
				SDKROOT = iphoneos;
				SWIFT_COMPILATION_MODE = wholemodule;
				SWIFT_OPTIMIZATION_LEVEL = "-O";
				VALIDATE_PRODUCT = YES;
			};
			name = Release;
		};
		4C68A40323E20A780038AC1C /* Debug */ = {
			isa = XCBuildConfiguration;
			buildSettings = {
				ASSETCATALOG_COMPILER_APPICON_NAME = AppIcon;
				CODE_SIGN_STYLE = Automatic;
				INFOPLIST_FILE = AbsenceRecorder/Info.plist;
				LD_RUNPATH_SEARCH_PATHS = (
					"$(inherited)",
					"@executable_path/Frameworks",
				);
				PRODUCT_BUNDLE_IDENTIFIER = com.HDunlop.AbsenceRecorder;
				PRODUCT_NAME = "$(TARGET_NAME)";
				SWIFT_VERSION = 5.0;
				TARGETED_DEVICE_FAMILY = "1,2";
			};
			name = Debug;
		};
		4C68A40423E20A780038AC1C /* Release */ = {
			isa = XCBuildConfiguration;
			buildSettings = {
				ASSETCATALOG_COMPILER_APPICON_NAME = AppIcon;
				CODE_SIGN_STYLE = Automatic;
				INFOPLIST_FILE = AbsenceRecorder/Info.plist;
				LD_RUNPATH_SEARCH_PATHS = (
					"$(inherited)",
					"@executable_path/Frameworks",
				);
				PRODUCT_BUNDLE_IDENTIFIER = com.HDunlop.AbsenceRecorder;
				PRODUCT_NAME = "$(TARGET_NAME)";
				SWIFT_VERSION = 5.0;
				TARGETED_DEVICE_FAMILY = "1,2";
			};
			name = Release;
		};
		4C68A40623E20A780038AC1C /* Debug */ = {
			isa = XCBuildConfiguration;
			buildSettings = {
				ALWAYS_EMBED_SWIFT_STANDARD_LIBRARIES = YES;
				BUNDLE_LOADER = "$(TEST_HOST)";
				CODE_SIGN_STYLE = Automatic;
				INFOPLIST_FILE = AbsenceRecorderTests/Info.plist;
				IPHONEOS_DEPLOYMENT_TARGET = 13.2;
				LD_RUNPATH_SEARCH_PATHS = (
					"$(inherited)",
					"@executable_path/Frameworks",
					"@loader_path/Frameworks",
				);
				PRODUCT_BUNDLE_IDENTIFIER = com.HDunlop.AbsenceRecorderTests;
				PRODUCT_NAME = "$(TARGET_NAME)";
				SWIFT_VERSION = 5.0;
				TARGETED_DEVICE_FAMILY = "1,2";
				TEST_HOST = "$(BUILT_PRODUCTS_DIR)/AbsenceRecorder.app/AbsenceRecorder";
			};
			name = Debug;
		};
		4C68A40723E20A780038AC1C /* Release */ = {
			isa = XCBuildConfiguration;
			buildSettings = {
				ALWAYS_EMBED_SWIFT_STANDARD_LIBRARIES = YES;
				BUNDLE_LOADER = "$(TEST_HOST)";
				CODE_SIGN_STYLE = Automatic;
				INFOPLIST_FILE = AbsenceRecorderTests/Info.plist;
				IPHONEOS_DEPLOYMENT_TARGET = 13.2;
				LD_RUNPATH_SEARCH_PATHS = (
					"$(inherited)",
					"@executable_path/Frameworks",
					"@loader_path/Frameworks",
				);
				PRODUCT_BUNDLE_IDENTIFIER = com.HDunlop.AbsenceRecorderTests;
				PRODUCT_NAME = "$(TARGET_NAME)";
				SWIFT_VERSION = 5.0;
				TARGETED_DEVICE_FAMILY = "1,2";
				TEST_HOST = "$(BUILT_PRODUCTS_DIR)/AbsenceRecorder.app/AbsenceRecorder";
			};
			name = Release;
		};
		4C68A40923E20A780038AC1C /* Debug */ = {
			isa = XCBuildConfiguration;
			buildSettings = {
				ALWAYS_EMBED_SWIFT_STANDARD_LIBRARIES = YES;
				CODE_SIGN_STYLE = Automatic;
				INFOPLIST_FILE = AbsenceRecorderUITests/Info.plist;
				LD_RUNPATH_SEARCH_PATHS = (
					"$(inherited)",
					"@executable_path/Frameworks",
					"@loader_path/Frameworks",
				);
				PRODUCT_BUNDLE_IDENTIFIER = com.HDunlop.AbsenceRecorderUITests;
				PRODUCT_NAME = "$(TARGET_NAME)";
				SWIFT_VERSION = 5.0;
				TARGETED_DEVICE_FAMILY = "1,2";
				TEST_TARGET_NAME = AbsenceRecorder;
			};
			name = Debug;
		};
		4C68A40A23E20A780038AC1C /* Release */ = {
			isa = XCBuildConfiguration;
			buildSettings = {
				ALWAYS_EMBED_SWIFT_STANDARD_LIBRARIES = YES;
				CODE_SIGN_STYLE = Automatic;
				INFOPLIST_FILE = AbsenceRecorderUITests/Info.plist;
				LD_RUNPATH_SEARCH_PATHS = (
					"$(inherited)",
					"@executable_path/Frameworks",
					"@loader_path/Frameworks",
				);
				PRODUCT_BUNDLE_IDENTIFIER = com.HDunlop.AbsenceRecorderUITests;
				PRODUCT_NAME = "$(TARGET_NAME)";
				SWIFT_VERSION = 5.0;
				TARGETED_DEVICE_FAMILY = "1,2";
				TEST_TARGET_NAME = AbsenceRecorder;
			};
			name = Release;
		};
/* End XCBuildConfiguration section */

/* Begin XCConfigurationList section */
		4C68A3D323E20A660038AC1C /* Build configuration list for PBXProject "AbsenceRecorder" */ = {
			isa = XCConfigurationList;
			buildConfigurations = (
				4C68A40023E20A780038AC1C /* Debug */,
				4C68A40123E20A780038AC1C /* Release */,
			);
			defaultConfigurationIsVisible = 0;
			defaultConfigurationName = Release;
		};
		4C68A40223E20A780038AC1C /* Build configuration list for PBXNativeTarget "AbsenceRecorder" */ = {
			isa = XCConfigurationList;
			buildConfigurations = (
				4C68A40323E20A780038AC1C /* Debug */,
				4C68A40423E20A780038AC1C /* Release */,
			);
			defaultConfigurationIsVisible = 0;
			defaultConfigurationName = Release;
		};
		4C68A40523E20A780038AC1C /* Build configuration list for PBXNativeTarget "AbsenceRecorderTests" */ = {
			isa = XCConfigurationList;
			buildConfigurations = (
				4C68A40623E20A780038AC1C /* Debug */,
				4C68A40723E20A780038AC1C /* Release */,
			);
			defaultConfigurationIsVisible = 0;
			defaultConfigurationName = Release;
		};
		4C68A40823E20A780038AC1C /* Build configuration list for PBXNativeTarget "AbsenceRecorderUITests" */ = {
			isa = XCConfigurationList;
			buildConfigurations = (
				4C68A40923E20A780038AC1C /* Debug */,
				4C68A40A23E20A780038AC1C /* Release */,
			);
			defaultConfigurationIsVisible = 0;
			defaultConfigurationName = Release;
		};
/* End XCConfigurationList section */
	};
	rootObject = 4C68A3D023E20A660038AC1C /* Project object */;
}
