// !$*UTF8*$!
{
	archiveVersion = 1;
	classes = {
	};
	objectVersion = 50;
	objects = {

/* Begin PBXBuildFile section */
		3140FA392405321900B4295F /* CommentViewController.swift in Sources */ = {isa = PBXBuildFile; fileRef = 3140FA382405321900B4295F /* CommentViewController.swift */; };
		31963F6E23F2BA4400C85E87 /* AppDelegate.swift in Sources */ = {isa = PBXBuildFile; fileRef = 31963F6D23F2BA4400C85E87 /* AppDelegate.swift */; };
		31963F7023F2BA4400C85E87 /* SceneDelegate.swift in Sources */ = {isa = PBXBuildFile; fileRef = 31963F6F23F2BA4400C85E87 /* SceneDelegate.swift */; };
		31963F7223F2BA4400C85E87 /* HomeViewController.swift in Sources */ = {isa = PBXBuildFile; fileRef = 31963F7123F2BA4400C85E87 /* HomeViewController.swift */; };
		31963F7523F2BA4400C85E87 /* Main.storyboard in Resources */ = {isa = PBXBuildFile; fileRef = 31963F7323F2BA4400C85E87 /* Main.storyboard */; };
		31963F7723F2BA4500C85E87 /* Assets.xcassets in Resources */ = {isa = PBXBuildFile; fileRef = 31963F7623F2BA4500C85E87 /* Assets.xcassets */; };
		31963F7A23F2BA4500C85E87 /* LaunchScreen.storyboard in Resources */ = {isa = PBXBuildFile; fileRef = 31963F7823F2BA4500C85E87 /* LaunchScreen.storyboard */; };
		31963F8523F2BA4500C85E87 /* CommentCardWriterTests.swift in Sources */ = {isa = PBXBuildFile; fileRef = 31963F8423F2BA4500C85E87 /* CommentCardWriterTests.swift */; };
		31963F9023F2BA4500C85E87 /* CommentCardWriterUITests.swift in Sources */ = {isa = PBXBuildFile; fileRef = 31963F8F23F2BA4500C85E87 /* CommentCardWriterUITests.swift */; };
		31963F9E23F2BAA600C85E87 /* Division.swift in Sources */ = {isa = PBXBuildFile; fileRef = 31963F9D23F2BAA600C85E87 /* Division.swift */; };
		31963FA023F2BBD600C85E87 /* Comment.swift in Sources */ = {isa = PBXBuildFile; fileRef = 31963F9F23F2BBD600C85E87 /* Comment.swift */; };
		31963FA223F2BE7800C85E87 /* QuizViewController.swift in Sources */ = {isa = PBXBuildFile; fileRef = 31963FA123F2BE7800C85E87 /* QuizViewController.swift */; };
/* End PBXBuildFile section */

/* Begin PBXContainerItemProxy section */
		31963F8123F2BA4500C85E87 /* PBXContainerItemProxy */ = {
			isa = PBXContainerItemProxy;
			containerPortal = 31963F6223F2BA4400C85E87 /* Project object */;
			proxyType = 1;
			remoteGlobalIDString = 31963F6923F2BA4400C85E87;
			remoteInfo = CommentCardWriter;
		};
		31963F8C23F2BA4500C85E87 /* PBXContainerItemProxy */ = {
			isa = PBXContainerItemProxy;
			containerPortal = 31963F6223F2BA4400C85E87 /* Project object */;
			proxyType = 1;
			remoteGlobalIDString = 31963F6923F2BA4400C85E87;
			remoteInfo = CommentCardWriter;
		};
/* End PBXContainerItemProxy section */

/* Begin PBXFileReference section */
		3140FA382405321900B4295F /* CommentViewController.swift */ = {isa = PBXFileReference; lastKnownFileType = sourcecode.swift; path = CommentViewController.swift; sourceTree = "<group>"; };
		31963F6A23F2BA4400C85E87 /* CommentCardWriter.app */ = {isa = PBXFileReference; explicitFileType = wrapper.application; includeInIndex = 0; path = CommentCardWriter.app; sourceTree = BUILT_PRODUCTS_DIR; };
		31963F6D23F2BA4400C85E87 /* AppDelegate.swift */ = {isa = PBXFileReference; lastKnownFileType = sourcecode.swift; path = AppDelegate.swift; sourceTree = "<group>"; };
		31963F6F23F2BA4400C85E87 /* SceneDelegate.swift */ = {isa = PBXFileReference; lastKnownFileType = sourcecode.swift; path = SceneDelegate.swift; sourceTree = "<group>"; };
		31963F7123F2BA4400C85E87 /* HomeViewController.swift */ = {isa = PBXFileReference; lastKnownFileType = sourcecode.swift; path = HomeViewController.swift; sourceTree = "<group>"; };
		31963F7423F2BA4400C85E87 /* Base */ = {isa = PBXFileReference; lastKnownFileType = file.storyboard; name = Base; path = Base.lproj/Main.storyboard; sourceTree = "<group>"; };
		31963F7623F2BA4500C85E87 /* Assets.xcassets */ = {isa = PBXFileReference; lastKnownFileType = folder.assetcatalog; path = Assets.xcassets; sourceTree = "<group>"; };
		31963F7923F2BA4500C85E87 /* Base */ = {isa = PBXFileReference; lastKnownFileType = file.storyboard; name = Base; path = Base.lproj/LaunchScreen.storyboard; sourceTree = "<group>"; };
		31963F7B23F2BA4500C85E87 /* Info.plist */ = {isa = PBXFileReference; lastKnownFileType = text.plist.xml; path = Info.plist; sourceTree = "<group>"; };
		31963F8023F2BA4500C85E87 /* CommentCardWriterTests.xctest */ = {isa = PBXFileReference; explicitFileType = wrapper.cfbundle; includeInIndex = 0; path = CommentCardWriterTests.xctest; sourceTree = BUILT_PRODUCTS_DIR; };
		31963F8423F2BA4500C85E87 /* CommentCardWriterTests.swift */ = {isa = PBXFileReference; lastKnownFileType = sourcecode.swift; path = CommentCardWriterTests.swift; sourceTree = "<group>"; };
		31963F8623F2BA4500C85E87 /* Info.plist */ = {isa = PBXFileReference; lastKnownFileType = text.plist.xml; path = Info.plist; sourceTree = "<group>"; };
		31963F8B23F2BA4500C85E87 /* CommentCardWriterUITests.xctest */ = {isa = PBXFileReference; explicitFileType = wrapper.cfbundle; includeInIndex = 0; path = CommentCardWriterUITests.xctest; sourceTree = BUILT_PRODUCTS_DIR; };
		31963F8F23F2BA4500C85E87 /* CommentCardWriterUITests.swift */ = {isa = PBXFileReference; lastKnownFileType = sourcecode.swift; path = CommentCardWriterUITests.swift; sourceTree = "<group>"; };
		31963F9123F2BA4500C85E87 /* Info.plist */ = {isa = PBXFileReference; lastKnownFileType = text.plist.xml; path = Info.plist; sourceTree = "<group>"; };
		31963F9D23F2BAA600C85E87 /* Division.swift */ = {isa = PBXFileReference; lastKnownFileType = sourcecode.swift; path = Division.swift; sourceTree = "<group>"; };
		31963F9F23F2BBD600C85E87 /* Comment.swift */ = {isa = PBXFileReference; lastKnownFileType = sourcecode.swift; path = Comment.swift; sourceTree = "<group>"; };
		31963FA123F2BE7800C85E87 /* QuizViewController.swift */ = {isa = PBXFileReference; lastKnownFileType = sourcecode.swift; path = QuizViewController.swift; sourceTree = "<group>"; };
/* End PBXFileReference section */

/* Begin PBXFrameworksBuildPhase section */
		31963F6723F2BA4400C85E87 /* Frameworks */ = {
			isa = PBXFrameworksBuildPhase;
			buildActionMask = 2147483647;
			files = (
			);
			runOnlyForDeploymentPostprocessing = 0;
		};
		31963F7D23F2BA4500C85E87 /* Frameworks */ = {
			isa = PBXFrameworksBuildPhase;
			buildActionMask = 2147483647;
			files = (
			);
			runOnlyForDeploymentPostprocessing = 0;
		};
		31963F8823F2BA4500C85E87 /* Frameworks */ = {
			isa = PBXFrameworksBuildPhase;
			buildActionMask = 2147483647;
			files = (
			);
			runOnlyForDeploymentPostprocessing = 0;
		};
/* End PBXFrameworksBuildPhase section */

/* Begin PBXGroup section */
		31963F6123F2BA4400C85E87 = {
			isa = PBXGroup;
			children = (
				31963F6C23F2BA4400C85E87 /* CommentCardWriter */,
				31963F8323F2BA4500C85E87 /* CommentCardWriterTests */,
				31963F8E23F2BA4500C85E87 /* CommentCardWriterUITests */,
				31963F6B23F2BA4400C85E87 /* Products */,
			);
			sourceTree = "<group>";
		};
		31963F6B23F2BA4400C85E87 /* Products */ = {
			isa = PBXGroup;
			children = (
				31963F6A23F2BA4400C85E87 /* CommentCardWriter.app */,
				31963F8023F2BA4500C85E87 /* CommentCardWriterTests.xctest */,
				31963F8B23F2BA4500C85E87 /* CommentCardWriterUITests.xctest */,
			);
			name = Products;
			sourceTree = "<group>";
		};
		31963F6C23F2BA4400C85E87 /* CommentCardWriter */ = {
			isa = PBXGroup;
			children = (
				31963F6D23F2BA4400C85E87 /* AppDelegate.swift */,
				31963F6F23F2BA4400C85E87 /* SceneDelegate.swift */,
				31963F7123F2BA4400C85E87 /* HomeViewController.swift */,
				31963FA123F2BE7800C85E87 /* QuizViewController.swift */,
				3140FA382405321900B4295F /* CommentViewController.swift */,
				31963F9D23F2BAA600C85E87 /* Division.swift */,
				31963F9F23F2BBD600C85E87 /* Comment.swift */,
				31963F7323F2BA4400C85E87 /* Main.storyboard */,
				31963F7623F2BA4500C85E87 /* Assets.xcassets */,
				31963F7823F2BA4500C85E87 /* LaunchScreen.storyboard */,
				31963F7B23F2BA4500C85E87 /* Info.plist */,
			);
			path = CommentCardWriter;
			sourceTree = "<group>";
		};
		31963F8323F2BA4500C85E87 /* CommentCardWriterTests */ = {
			isa = PBXGroup;
			children = (
				31963F8423F2BA4500C85E87 /* CommentCardWriterTests.swift */,
				31963F8623F2BA4500C85E87 /* Info.plist */,
			);
			path = CommentCardWriterTests;
			sourceTree = "<group>";
		};
		31963F8E23F2BA4500C85E87 /* CommentCardWriterUITests */ = {
			isa = PBXGroup;
			children = (
				31963F8F23F2BA4500C85E87 /* CommentCardWriterUITests.swift */,
				31963F9123F2BA4500C85E87 /* Info.plist */,
			);
			path = CommentCardWriterUITests;
			sourceTree = "<group>";
		};
/* End PBXGroup section */

/* Begin PBXNativeTarget section */
		31963F6923F2BA4400C85E87 /* CommentCardWriter */ = {
			isa = PBXNativeTarget;
			buildConfigurationList = 31963F9423F2BA4500C85E87 /* Build configuration list for PBXNativeTarget "CommentCardWriter" */;
			buildPhases = (
				31963F6623F2BA4400C85E87 /* Sources */,
				31963F6723F2BA4400C85E87 /* Frameworks */,
				31963F6823F2BA4400C85E87 /* Resources */,
			);
			buildRules = (
			);
			dependencies = (
			);
			name = CommentCardWriter;
			productName = CommentCardWriter;
			productReference = 31963F6A23F2BA4400C85E87 /* CommentCardWriter.app */;
			productType = "com.apple.product-type.application";
		};
		31963F7F23F2BA4500C85E87 /* CommentCardWriterTests */ = {
			isa = PBXNativeTarget;
			buildConfigurationList = 31963F9723F2BA4500C85E87 /* Build configuration list for PBXNativeTarget "CommentCardWriterTests" */;
			buildPhases = (
				31963F7C23F2BA4500C85E87 /* Sources */,
				31963F7D23F2BA4500C85E87 /* Frameworks */,
				31963F7E23F2BA4500C85E87 /* Resources */,
			);
			buildRules = (
			);
			dependencies = (
				31963F8223F2BA4500C85E87 /* PBXTargetDependency */,
			);
			name = CommentCardWriterTests;
			productName = CommentCardWriterTests;
			productReference = 31963F8023F2BA4500C85E87 /* CommentCardWriterTests.xctest */;
			productType = "com.apple.product-type.bundle.unit-test";
		};
		31963F8A23F2BA4500C85E87 /* CommentCardWriterUITests */ = {
			isa = PBXNativeTarget;
			buildConfigurationList = 31963F9A23F2BA4500C85E87 /* Build configuration list for PBXNativeTarget "CommentCardWriterUITests" */;
			buildPhases = (
				31963F8723F2BA4500C85E87 /* Sources */,
				31963F8823F2BA4500C85E87 /* Frameworks */,
				31963F8923F2BA4500C85E87 /* Resources */,
			);
			buildRules = (
			);
			dependencies = (
				31963F8D23F2BA4500C85E87 /* PBXTargetDependency */,
			);
			name = CommentCardWriterUITests;
			productName = CommentCardWriterUITests;
			productReference = 31963F8B23F2BA4500C85E87 /* CommentCardWriterUITests.xctest */;
			productType = "com.apple.product-type.bundle.ui-testing";
		};
/* End PBXNativeTarget section */

/* Begin PBXProject section */
		31963F6223F2BA4400C85E87 /* Project object */ = {
			isa = PBXProject;
			attributes = {
				LastSwiftUpdateCheck = 1120;
				LastUpgradeCheck = 1120;
				ORGANIZATIONNAME = "Dunlop, Hugo (PEPW)";
				TargetAttributes = {
					31963F6923F2BA4400C85E87 = {
						CreatedOnToolsVersion = 11.2.1;
					};
					31963F7F23F2BA4500C85E87 = {
						CreatedOnToolsVersion = 11.2.1;
						TestTargetID = 31963F6923F2BA4400C85E87;
					};
					31963F8A23F2BA4500C85E87 = {
						CreatedOnToolsVersion = 11.2.1;
						TestTargetID = 31963F6923F2BA4400C85E87;
					};
				};
			};
			buildConfigurationList = 31963F6523F2BA4400C85E87 /* Build configuration list for PBXProject "CommentCardWriter" */;
			compatibilityVersion = "Xcode 9.3";
			developmentRegion = en;
			hasScannedForEncodings = 0;
			knownRegions = (
				en,
				Base,
			);
			mainGroup = 31963F6123F2BA4400C85E87;
			productRefGroup = 31963F6B23F2BA4400C85E87 /* Products */;
			projectDirPath = "";
			projectRoot = "";
			targets = (
				31963F6923F2BA4400C85E87 /* CommentCardWriter */,
				31963F7F23F2BA4500C85E87 /* CommentCardWriterTests */,
				31963F8A23F2BA4500C85E87 /* CommentCardWriterUITests */,
			);
		};
/* End PBXProject section */

/* Begin PBXResourcesBuildPhase section */
		31963F6823F2BA4400C85E87 /* Resources */ = {
			isa = PBXResourcesBuildPhase;
			buildActionMask = 2147483647;
			files = (
				31963F7A23F2BA4500C85E87 /* LaunchScreen.storyboard in Resources */,
				31963F7723F2BA4500C85E87 /* Assets.xcassets in Resources */,
				31963F7523F2BA4400C85E87 /* Main.storyboard in Resources */,
			);
			runOnlyForDeploymentPostprocessing = 0;
		};
		31963F7E23F2BA4500C85E87 /* Resources */ = {
			isa = PBXResourcesBuildPhase;
			buildActionMask = 2147483647;
			files = (
			);
			runOnlyForDeploymentPostprocessing = 0;
		};
		31963F8923F2BA4500C85E87 /* Resources */ = {
			isa = PBXResourcesBuildPhase;
			buildActionMask = 2147483647;
			files = (
			);
			runOnlyForDeploymentPostprocessing = 0;
		};
/* End PBXResourcesBuildPhase section */

/* Begin PBXSourcesBuildPhase section */
		31963F6623F2BA4400C85E87 /* Sources */ = {
			isa = PBXSourcesBuildPhase;
			buildActionMask = 2147483647;
			files = (
				3140FA392405321900B4295F /* CommentViewController.swift in Sources */,
				31963FA023F2BBD600C85E87 /* Comment.swift in Sources */,
				31963F7223F2BA4400C85E87 /* HomeViewController.swift in Sources */,
				31963F6E23F2BA4400C85E87 /* AppDelegate.swift in Sources */,
				31963FA223F2BE7800C85E87 /* QuizViewController.swift in Sources */,
				31963F9E23F2BAA600C85E87 /* Division.swift in Sources */,
				31963F7023F2BA4400C85E87 /* SceneDelegate.swift in Sources */,
			);
			runOnlyForDeploymentPostprocessing = 0;
		};
		31963F7C23F2BA4500C85E87 /* Sources */ = {
			isa = PBXSourcesBuildPhase;
			buildActionMask = 2147483647;
			files = (
				31963F8523F2BA4500C85E87 /* CommentCardWriterTests.swift in Sources */,
			);
			runOnlyForDeploymentPostprocessing = 0;
		};
		31963F8723F2BA4500C85E87 /* Sources */ = {
			isa = PBXSourcesBuildPhase;
			buildActionMask = 2147483647;
			files = (
				31963F9023F2BA4500C85E87 /* CommentCardWriterUITests.swift in Sources */,
			);
			runOnlyForDeploymentPostprocessing = 0;
		};
/* End PBXSourcesBuildPhase section */

/* Begin PBXTargetDependency section */
		31963F8223F2BA4500C85E87 /* PBXTargetDependency */ = {
			isa = PBXTargetDependency;
			target = 31963F6923F2BA4400C85E87 /* CommentCardWriter */;
			targetProxy = 31963F8123F2BA4500C85E87 /* PBXContainerItemProxy */;
		};
		31963F8D23F2BA4500C85E87 /* PBXTargetDependency */ = {
			isa = PBXTargetDependency;
			target = 31963F6923F2BA4400C85E87 /* CommentCardWriter */;
			targetProxy = 31963F8C23F2BA4500C85E87 /* PBXContainerItemProxy */;
		};
/* End PBXTargetDependency section */

/* Begin PBXVariantGroup section */
		31963F7323F2BA4400C85E87 /* Main.storyboard */ = {
			isa = PBXVariantGroup;
			children = (
				31963F7423F2BA4400C85E87 /* Base */,
			);
			name = Main.storyboard;
			sourceTree = "<group>";
		};
		31963F7823F2BA4500C85E87 /* LaunchScreen.storyboard */ = {
			isa = PBXVariantGroup;
			children = (
				31963F7923F2BA4500C85E87 /* Base */,
			);
			name = LaunchScreen.storyboard;
			sourceTree = "<group>";
		};
/* End PBXVariantGroup section */

/* Begin XCBuildConfiguration section */
		31963F9223F2BA4500C85E87 /* Debug */ = {
			isa = XCBuildConfiguration;
			buildSettings = {
				ALWAYS_SEARCH_USER_PATHS = NO;
				CLANG_ANALYZER_NONNULL = YES;
				CLANG_ANALYZER_NUMBER_OBJECT_CONVERSION = YES_AGGRESSIVE;
				CLANG_CXX_LANGUAGE_STANDARD = "gnu++14";
				CLANG_CXX_LIBRARY = "libc++";
				CLANG_ENABLE_MODULES = YES;
				CLANG_ENABLE_OBJC_ARC = YES;
				CLANG_ENABLE_OBJC_WEAK = YES;
				CLANG_WARN_BLOCK_CAPTURE_AUTORELEASING = YES;
				CLANG_WARN_BOOL_CONVERSION = YES;
				CLANG_WARN_COMMA = YES;
				CLANG_WARN_CONSTANT_CONVERSION = YES;
				CLANG_WARN_DEPRECATED_OBJC_IMPLEMENTATIONS = YES;
				CLANG_WARN_DIRECT_OBJC_ISA_USAGE = YES_ERROR;
				CLANG_WARN_DOCUMENTATION_COMMENTS = YES;
				CLANG_WARN_EMPTY_BODY = YES;
				CLANG_WARN_ENUM_CONVERSION = YES;
				CLANG_WARN_INFINITE_RECURSION = YES;
				CLANG_WARN_INT_CONVERSION = YES;
				CLANG_WARN_NON_LITERAL_NULL_CONVERSION = YES;
				CLANG_WARN_OBJC_IMPLICIT_RETAIN_SELF = YES;
				CLANG_WARN_OBJC_LITERAL_CONVERSION = YES;
				CLANG_WARN_OBJC_ROOT_CLASS = YES_ERROR;
				CLANG_WARN_RANGE_LOOP_ANALYSIS = YES;
				CLANG_WARN_STRICT_PROTOTYPES = YES;
				CLANG_WARN_SUSPICIOUS_MOVE = YES;
				CLANG_WARN_UNGUARDED_AVAILABILITY = YES_AGGRESSIVE;
				CLANG_WARN_UNREACHABLE_CODE = YES;
				CLANG_WARN__DUPLICATE_METHOD_MATCH = YES;
				COPY_PHASE_STRIP = NO;
				DEBUG_INFORMATION_FORMAT = dwarf;
				ENABLE_STRICT_OBJC_MSGSEND = YES;
				ENABLE_TESTABILITY = YES;
				GCC_C_LANGUAGE_STANDARD = gnu11;
				GCC_DYNAMIC_NO_PIC = NO;
				GCC_NO_COMMON_BLOCKS = YES;
				GCC_OPTIMIZATION_LEVEL = 0;
				GCC_PREPROCESSOR_DEFINITIONS = (
					"DEBUG=1",
					"$(inherited)",
				);
				GCC_WARN_64_TO_32_BIT_CONVERSION = YES;
				GCC_WARN_ABOUT_RETURN_TYPE = YES_ERROR;
				GCC_WARN_UNDECLARED_SELECTOR = YES;
				GCC_WARN_UNINITIALIZED_AUTOS = YES_AGGRESSIVE;
				GCC_WARN_UNUSED_FUNCTION = YES;
				GCC_WARN_UNUSED_VARIABLE = YES;
				IPHONEOS_DEPLOYMENT_TARGET = 13.2;
				MTL_ENABLE_DEBUG_INFO = INCLUDE_SOURCE;
				MTL_FAST_MATH = YES;
				ONLY_ACTIVE_ARCH = YES;
				SDKROOT = iphoneos;
				SWIFT_ACTIVE_COMPILATION_CONDITIONS = DEBUG;
				SWIFT_OPTIMIZATION_LEVEL = "-Onone";
			};
			name = Debug;
		};
		31963F9323F2BA4500C85E87 /* Release */ = {
			isa = XCBuildConfiguration;
			buildSettings = {
				ALWAYS_SEARCH_USER_PATHS = NO;
				CLANG_ANALYZER_NONNULL = YES;
				CLANG_ANALYZER_NUMBER_OBJECT_CONVERSION = YES_AGGRESSIVE;
				CLANG_CXX_LANGUAGE_STANDARD = "gnu++14";
				CLANG_CXX_LIBRARY = "libc++";
				CLANG_ENABLE_MODULES = YES;
				CLANG_ENABLE_OBJC_ARC = YES;
				CLANG_ENABLE_OBJC_WEAK = YES;
				CLANG_WARN_BLOCK_CAPTURE_AUTORELEASING = YES;
				CLANG_WARN_BOOL_CONVERSION = YES;
				CLANG_WARN_COMMA = YES;
				CLANG_WARN_CONSTANT_CONVERSION = YES;
				CLANG_WARN_DEPRECATED_OBJC_IMPLEMENTATIONS = YES;
				CLANG_WARN_DIRECT_OBJC_ISA_USAGE = YES_ERROR;
				CLANG_WARN_DOCUMENTATION_COMMENTS = YES;
				CLANG_WARN_EMPTY_BODY = YES;
				CLANG_WARN_ENUM_CONVERSION = YES;
				CLANG_WARN_INFINITE_RECURSION = YES;
				CLANG_WARN_INT_CONVERSION = YES;
				CLANG_WARN_NON_LITERAL_NULL_CONVERSION = YES;
				CLANG_WARN_OBJC_IMPLICIT_RETAIN_SELF = YES;
				CLANG_WARN_OBJC_LITERAL_CONVERSION = YES;
				CLANG_WARN_OBJC_ROOT_CLASS = YES_ERROR;
				CLANG_WARN_RANGE_LOOP_ANALYSIS = YES;
				CLANG_WARN_STRICT_PROTOTYPES = YES;
				CLANG_WARN_SUSPICIOUS_MOVE = YES;
				CLANG_WARN_UNGUARDED_AVAILABILITY = YES_AGGRESSIVE;
				CLANG_WARN_UNREACHABLE_CODE = YES;
				CLANG_WARN__DUPLICATE_METHOD_MATCH = YES;
				COPY_PHASE_STRIP = NO;
				DEBUG_INFORMATION_FORMAT = "dwarf-with-dsym";
				ENABLE_NS_ASSERTIONS = NO;
				ENABLE_STRICT_OBJC_MSGSEND = YES;
				GCC_C_LANGUAGE_STANDARD = gnu11;
				GCC_NO_COMMON_BLOCKS = YES;
				GCC_WARN_64_TO_32_BIT_CONVERSION = YES;
				GCC_WARN_ABOUT_RETURN_TYPE = YES_ERROR;
				GCC_WARN_UNDECLARED_SELECTOR = YES;
				GCC_WARN_UNINITIALIZED_AUTOS = YES_AGGRESSIVE;
				GCC_WARN_UNUSED_FUNCTION = YES;
				GCC_WARN_UNUSED_VARIABLE = YES;
				IPHONEOS_DEPLOYMENT_TARGET = 13.2;
				MTL_ENABLE_DEBUG_INFO = NO;
				MTL_FAST_MATH = YES;
				SDKROOT = iphoneos;
				SWIFT_COMPILATION_MODE = wholemodule;
				SWIFT_OPTIMIZATION_LEVEL = "-O";
				VALIDATE_PRODUCT = YES;
			};
			name = Release;
		};
		31963F9523F2BA4500C85E87 /* Debug */ = {
			isa = XCBuildConfiguration;
			buildSettings = {
				ASSETCATALOG_COMPILER_APPICON_NAME = AppIcon;
				CODE_SIGN_STYLE = Automatic;
				INFOPLIST_FILE = CommentCardWriter/Info.plist;
				LD_RUNPATH_SEARCH_PATHS = (
					"$(inherited)",
					"@executable_path/Frameworks",
				);
				PRODUCT_BUNDLE_IDENTIFIER = com.HDunlop.CommentCardWriter;
				PRODUCT_NAME = "$(TARGET_NAME)";
				SWIFT_VERSION = 5.0;
				TARGETED_DEVICE_FAMILY = "1,2";
			};
			name = Debug;
		};
		31963F9623F2BA4500C85E87 /* Release */ = {
			isa = XCBuildConfiguration;
			buildSettings = {
				ASSETCATALOG_COMPILER_APPICON_NAME = AppIcon;
				CODE_SIGN_STYLE = Automatic;
				INFOPLIST_FILE = CommentCardWriter/Info.plist;
				LD_RUNPATH_SEARCH_PATHS = (
					"$(inherited)",
					"@executable_path/Frameworks",
				);
				PRODUCT_BUNDLE_IDENTIFIER = com.HDunlop.CommentCardWriter;
				PRODUCT_NAME = "$(TARGET_NAME)";
				SWIFT_VERSION = 5.0;
				TARGETED_DEVICE_FAMILY = "1,2";
			};
			name = Release;
		};
		31963F9823F2BA4500C85E87 /* Debug */ = {
			isa = XCBuildConfiguration;
			buildSettings = {
				ALWAYS_EMBED_SWIFT_STANDARD_LIBRARIES = YES;
				BUNDLE_LOADER = "$(TEST_HOST)";
				CODE_SIGN_STYLE = Automatic;
				INFOPLIST_FILE = CommentCardWriterTests/Info.plist;
				IPHONEOS_DEPLOYMENT_TARGET = 13.2;
				LD_RUNPATH_SEARCH_PATHS = (
					"$(inherited)",
					"@executable_path/Frameworks",
					"@loader_path/Frameworks",
				);
				PRODUCT_BUNDLE_IDENTIFIER = com.HDunlop.CommentCardWriterTests;
				PRODUCT_NAME = "$(TARGET_NAME)";
				SWIFT_VERSION = 5.0;
				TARGETED_DEVICE_FAMILY = "1,2";
				TEST_HOST = "$(BUILT_PRODUCTS_DIR)/CommentCardWriter.app/CommentCardWriter";
			};
			name = Debug;
		};
		31963F9923F2BA4500C85E87 /* Release */ = {
			isa = XCBuildConfiguration;
			buildSettings = {
				ALWAYS_EMBED_SWIFT_STANDARD_LIBRARIES = YES;
				BUNDLE_LOADER = "$(TEST_HOST)";
				CODE_SIGN_STYLE = Automatic;
				INFOPLIST_FILE = CommentCardWriterTests/Info.plist;
				IPHONEOS_DEPLOYMENT_TARGET = 13.2;
				LD_RUNPATH_SEARCH_PATHS = (
					"$(inherited)",
					"@executable_path/Frameworks",
					"@loader_path/Frameworks",
				);
				PRODUCT_BUNDLE_IDENTIFIER = com.HDunlop.CommentCardWriterTests;
				PRODUCT_NAME = "$(TARGET_NAME)";
				SWIFT_VERSION = 5.0;
				TARGETED_DEVICE_FAMILY = "1,2";
				TEST_HOST = "$(BUILT_PRODUCTS_DIR)/CommentCardWriter.app/CommentCardWriter";
			};
			name = Release;
		};
		31963F9B23F2BA4500C85E87 /* Debug */ = {
			isa = XCBuildConfiguration;
			buildSettings = {
				ALWAYS_EMBED_SWIFT_STANDARD_LIBRARIES = YES;
				CODE_SIGN_STYLE = Automatic;
				INFOPLIST_FILE = CommentCardWriterUITests/Info.plist;
				LD_RUNPATH_SEARCH_PATHS = (
					"$(inherited)",
					"@executable_path/Frameworks",
					"@loader_path/Frameworks",
				);
				PRODUCT_BUNDLE_IDENTIFIER = com.HDunlop.CommentCardWriterUITests;
				PRODUCT_NAME = "$(TARGET_NAME)";
				SWIFT_VERSION = 5.0;
				TARGETED_DEVICE_FAMILY = "1,2";
				TEST_TARGET_NAME = CommentCardWriter;
			};
			name = Debug;
		};
		31963F9C23F2BA4500C85E87 /* Release */ = {
			isa = XCBuildConfiguration;
			buildSettings = {
				ALWAYS_EMBED_SWIFT_STANDARD_LIBRARIES = YES;
				CODE_SIGN_STYLE = Automatic;
				INFOPLIST_FILE = CommentCardWriterUITests/Info.plist;
				LD_RUNPATH_SEARCH_PATHS = (
					"$(inherited)",
					"@executable_path/Frameworks",
					"@loader_path/Frameworks",
				);
				PRODUCT_BUNDLE_IDENTIFIER = com.HDunlop.CommentCardWriterUITests;
				PRODUCT_NAME = "$(TARGET_NAME)";
				SWIFT_VERSION = 5.0;
				TARGETED_DEVICE_FAMILY = "1,2";
				TEST_TARGET_NAME = CommentCardWriter;
			};
			name = Release;
		};
/* End XCBuildConfiguration section */

/* Begin XCConfigurationList section */
		31963F6523F2BA4400C85E87 /* Build configuration list for PBXProject "CommentCardWriter" */ = {
			isa = XCConfigurationList;
			buildConfigurations = (
				31963F9223F2BA4500C85E87 /* Debug */,
				31963F9323F2BA4500C85E87 /* Release */,
			);
			defaultConfigurationIsVisible = 0;
			defaultConfigurationName = Release;
		};
		31963F9423F2BA4500C85E87 /* Build configuration list for PBXNativeTarget "CommentCardWriter" */ = {
			isa = XCConfigurationList;
			buildConfigurations = (
				31963F9523F2BA4500C85E87 /* Debug */,
				31963F9623F2BA4500C85E87 /* Release */,
			);
			defaultConfigurationIsVisible = 0;
			defaultConfigurationName = Release;
		};
		31963F9723F2BA4500C85E87 /* Build configuration list for PBXNativeTarget "CommentCardWriterTests" */ = {
			isa = XCConfigurationList;
			buildConfigurations = (
				31963F9823F2BA4500C85E87 /* Debug */,
				31963F9923F2BA4500C85E87 /* Release */,
			);
			defaultConfigurationIsVisible = 0;
			defaultConfigurationName = Release;
		};
		31963F9A23F2BA4500C85E87 /* Build configuration list for PBXNativeTarget "CommentCardWriterUITests" */ = {
			isa = XCConfigurationList;
			buildConfigurations = (
				31963F9B23F2BA4500C85E87 /* Debug */,
				31963F9C23F2BA4500C85E87 /* Release */,
			);
			defaultConfigurationIsVisible = 0;
			defaultConfigurationName = Release;
		};
/* End XCConfigurationList section */
	};
	rootObject = 31963F6223F2BA4400C85E87 /* Project object */;
}
